
Microsoft Visual Studio Solution File, Format Version 12.00
# Visual Studio Version 17
VisualStudioVersion = 17.5.33424.131
MinimumVisualStudioVersion = 10.0.40219.1
Project("{8BC9CEB8-8B4A-11D0-8D11-00A0C91BC942}") = "001_비주얼 스튜디오 셋업", "001_TEST1\001_TEST1.vcxproj", "{15F31FDB-6D32-4355-97C1-46C19AA4BB13}"
EndProject
Project("{8BC9CEB8-8B4A-11D0-8D11-00A0C91BC942}") = "002_연산자(1)", "002_TEST2\002_TEST2.vcxproj", "{4F2E3136-E389-4314-A970-4043ED0CCB72}"
EndProject
Project("{8BC9CEB8-8B4A-11D0-8D11-00A0C91BC942}") = "003_포인터(기초)", "003_포인터(기초)\003_포인터(기초).vcxproj", "{FEFA8BDF-F813-4FFD-A248-9CF98B17694C}"
EndProject
Project("{8BC9CEB8-8B4A-11D0-8D11-00A0C91BC942}") = "004_포인터(기초2)", "004_포인터(기초2)\004_포인터(기초2).vcxproj", "{0E3518FE-6466-4715-B892-1B55E13C5CB6}"
EndProject
Project("{8BC9CEB8-8B4A-11D0-8D11-00A0C91BC942}") = "005_배열", "005_배열\005_배열.vcxproj", "{027DA626-BA1D-4F59-B526-010B72F97889}"
EndProject
Project("{8BC9CEB8-8B4A-11D0-8D11-00A0C91BC942}") = "006_프린트f", "006_프린트f\006_프린트f.vcxproj", "{0A40B11F-A11C-43DA-B3A2-105FFB943206}"
EndProject
Project("{8BC9CEB8-8B4A-11D0-8D11-00A0C91BC942}") = "007_const", "007_const\007_const.vcxproj", "{0A1AFC24-9663-400C-8C9A-7ADB92643BD7}"
EndProject
Project("{8BC9CEB8-8B4A-11D0-8D11-00A0C91BC942}") = "008_const(2)", "008_const(2)\008_const(2).vcxproj", "{F0BFDC82-007B-44F3-A432-6281A0403E7D}"
EndProject
Project("{2150E333-8FDC-42A3-9474-1A3956D46DE8}") = "Homework", "Homework", "{7A13B422-B8B3-425D-ABE2-CA26F7635CF1}"
EndProject
Project("{8BC9CEB8-8B4A-11D0-8D11-00A0C91BC942}") = "001_StringCount", "001_StringCount 작성\001_StringCount 작성.vcxproj", "{B90BF8D2-138B-41BD-88DF-4F72C152A3E3}"
EndProject
Project("{8BC9CEB8-8B4A-11D0-8D11-00A0C91BC942}") = "002_Trimdelete", "002_Trimdelete 작성\002_Trimdelete 작성.vcxproj", "{B83AC0D4-2858-4E6D-86CF-373BE24A47D9}"
EndProject
Project("{8BC9CEB8-8B4A-11D0-8D11-00A0C91BC942}") = "003_StringCount_int 형변환", "003_StringCount_int 형변환\003_StringCount_int 형변환.vcxproj", "{0C315640-30FC-417B-8135-EC53CE9695F9}"
EndProject
Project("{8BC9CEB8-8B4A-11D0-8D11-00A0C91BC942}") = "009_포인터변수", "009_포인터변수\009_포인터변수.vcxproj", "{977E7901-AAB3-4C47-8800-3B14EB90B91A}"
EndProject
Global
	GlobalSection(SolutionConfigurationPlatforms) = preSolution
		Debug|x64 = Debug|x64
		Debug|x86 = Debug|x86
		Release|x64 = Release|x64
		Release|x86 = Release|x86
	EndGlobalSection
	GlobalSection(ProjectConfigurationPlatforms) = postSolution
		{15F31FDB-6D32-4355-97C1-46C19AA4BB13}.Debug|x64.ActiveCfg = Debug|x64
		{15F31FDB-6D32-4355-97C1-46C19AA4BB13}.Debug|x64.Build.0 = Debug|x64
		{15F31FDB-6D32-4355-97C1-46C19AA4BB13}.Debug|x86.ActiveCfg = Debug|Win32
		{15F31FDB-6D32-4355-97C1-46C19AA4BB13}.Debug|x86.Build.0 = Debug|Win32
		{15F31FDB-6D32-4355-97C1-46C19AA4BB13}.Release|x64.ActiveCfg = Release|x64
		{15F31FDB-6D32-4355-97C1-46C19AA4BB13}.Release|x64.Build.0 = Release|x64
		{15F31FDB-6D32-4355-97C1-46C19AA4BB13}.Release|x86.ActiveCfg = Release|Win32
		{15F31FDB-6D32-4355-97C1-46C19AA4BB13}.Release|x86.Build.0 = Release|Win32
		{4F2E3136-E389-4314-A970-4043ED0CCB72}.Debug|x64.ActiveCfg = Debug|x64
		{4F2E3136-E389-4314-A970-4043ED0CCB72}.Debug|x64.Build.0 = Debug|x64
		{4F2E3136-E389-4314-A970-4043ED0CCB72}.Debug|x86.ActiveCfg = Debug|Win32
		{4F2E3136-E389-4314-A970-4043ED0CCB72}.Debug|x86.Build.0 = Debug|Win32
		{4F2E3136-E389-4314-A970-4043ED0CCB72}.Release|x64.ActiveCfg = Release|x64
		{4F2E3136-E389-4314-A970-4043ED0CCB72}.Release|x64.Build.0 = Release|x64
		{4F2E3136-E389-4314-A970-4043ED0CCB72}.Release|x86.ActiveCfg = Release|Win32
		{4F2E3136-E389-4314-A970-4043ED0CCB72}.Release|x86.Build.0 = Release|Win32
		{FEFA8BDF-F813-4FFD-A248-9CF98B17694C}.Debug|x64.ActiveCfg = Debug|x64
		{FEFA8BDF-F813-4FFD-A248-9CF98B17694C}.Debug|x64.Build.0 = Debug|x64
		{FEFA8BDF-F813-4FFD-A248-9CF98B17694C}.Debug|x86.ActiveCfg = Debug|Win32
		{FEFA8BDF-F813-4FFD-A248-9CF98B17694C}.Debug|x86.Build.0 = Debug|Win32
		{FEFA8BDF-F813-4FFD-A248-9CF98B17694C}.Release|x64.ActiveCfg = Release|x64
		{FEFA8BDF-F813-4FFD-A248-9CF98B17694C}.Release|x64.Build.0 = Release|x64
		{FEFA8BDF-F813-4FFD-A248-9CF98B17694C}.Release|x86.ActiveCfg = Release|Win32
		{FEFA8BDF-F813-4FFD-A248-9CF98B17694C}.Release|x86.Build.0 = Release|Win32
		{0E3518FE-6466-4715-B892-1B55E13C5CB6}.Debug|x64.ActiveCfg = Debug|x64
		{0E3518FE-6466-4715-B892-1B55E13C5CB6}.Debug|x64.Build.0 = Debug|x64
		{0E3518FE-6466-4715-B892-1B55E13C5CB6}.Debug|x86.ActiveCfg = Debug|Win32
		{0E3518FE-6466-4715-B892-1B55E13C5CB6}.Debug|x86.Build.0 = Debug|Win32
		{0E3518FE-6466-4715-B892-1B55E13C5CB6}.Release|x64.ActiveCfg = Release|x64
		{0E3518FE-6466-4715-B892-1B55E13C5CB6}.Release|x64.Build.0 = Release|x64
		{0E3518FE-6466-4715-B892-1B55E13C5CB6}.Release|x86.ActiveCfg = Release|Win32
		{0E3518FE-6466-4715-B892-1B55E13C5CB6}.Release|x86.Build.0 = Release|Win32
		{027DA626-BA1D-4F59-B526-010B72F97889}.Debug|x64.ActiveCfg = Debug|x64
		{027DA626-BA1D-4F59-B526-010B72F97889}.Debug|x64.Build.0 = Debug|x64
		{027DA626-BA1D-4F59-B526-010B72F97889}.Debug|x86.ActiveCfg = Debug|Win32
		{027DA626-BA1D-4F59-B526-010B72F97889}.Debug|x86.Build.0 = Debug|Win32
		{027DA626-BA1D-4F59-B526-010B72F97889}.Release|x64.ActiveCfg = Release|x64
		{027DA626-BA1D-4F59-B526-010B72F97889}.Release|x64.Build.0 = Release|x64
		{027DA626-BA1D-4F59-B526-010B72F97889}.Release|x86.ActiveCfg = Release|Win32
		{027DA626-BA1D-4F59-B526-010B72F97889}.Release|x86.Build.0 = Release|Win32
		{0A40B11F-A11C-43DA-B3A2-105FFB943206}.Debug|x64.ActiveCfg = Debug|x64
		{0A40B11F-A11C-43DA-B3A2-105FFB943206}.Debug|x64.Build.0 = Debug|x64
		{0A40B11F-A11C-43DA-B3A2-105FFB943206}.Debug|x86.ActiveCfg = Debug|Win32
		{0A40B11F-A11C-43DA-B3A2-105FFB943206}.Debug|x86.Build.0 = Debug|Win32
		{0A40B11F-A11C-43DA-B3A2-105FFB943206}.Release|x64.ActiveCfg = Release|x64
		{0A40B11F-A11C-43DA-B3A2-105FFB943206}.Release|x64.Build.0 = Release|x64
		{0A40B11F-A11C-43DA-B3A2-105FFB943206}.Release|x86.ActiveCfg = Release|Win32
		{0A40B11F-A11C-43DA-B3A2-105FFB943206}.Release|x86.Build.0 = Release|Win32
		{0A1AFC24-9663-400C-8C9A-7ADB92643BD7}.Debug|x64.ActiveCfg = Debug|x64
		{0A1AFC24-9663-400C-8C9A-7ADB92643BD7}.Debug|x64.Build.0 = Debug|x64
		{0A1AFC24-9663-400C-8C9A-7ADB92643BD7}.Debug|x86.ActiveCfg = Debug|Win32
		{0A1AFC24-9663-400C-8C9A-7ADB92643BD7}.Debug|x86.Build.0 = Debug|Win32
		{0A1AFC24-9663-400C-8C9A-7ADB92643BD7}.Release|x64.ActiveCfg = Release|x64
		{0A1AFC24-9663-400C-8C9A-7ADB92643BD7}.Release|x64.Build.0 = Release|x64
		{0A1AFC24-9663-400C-8C9A-7ADB92643BD7}.Release|x86.ActiveCfg = Release|Win32
		{0A1AFC24-9663-400C-8C9A-7ADB92643BD7}.Release|x86.Build.0 = Release|Win32
		{F0BFDC82-007B-44F3-A432-6281A0403E7D}.Debug|x64.ActiveCfg = Debug|x64
		{F0BFDC82-007B-44F3-A432-6281A0403E7D}.Debug|x64.Build.0 = Debug|x64
		{F0BFDC82-007B-44F3-A432-6281A0403E7D}.Debug|x86.ActiveCfg = Debug|Win32
		{F0BFDC82-007B-44F3-A432-6281A0403E7D}.Debug|x86.Build.0 = Debug|Win32
		{F0BFDC82-007B-44F3-A432-6281A0403E7D}.Release|x64.ActiveCfg = Release|x64
		{F0BFDC82-007B-44F3-A432-6281A0403E7D}.Release|x64.Build.0 = Release|x64
		{F0BFDC82-007B-44F3-A432-6281A0403E7D}.Release|x86.ActiveCfg = Release|Win32
		{F0BFDC82-007B-44F3-A432-6281A0403E7D}.Release|x86.Build.0 = Release|Win32
		{B90BF8D2-138B-41BD-88DF-4F72C152A3E3}.Debug|x64.ActiveCfg = Debug|x64
		{B90BF8D2-138B-41BD-88DF-4F72C152A3E3}.Debug|x64.Build.0 = Debug|x64
		{B90BF8D2-138B-41BD-88DF-4F72C152A3E3}.Debug|x86.ActiveCfg = Debug|Win32
		{B90BF8D2-138B-41BD-88DF-4F72C152A3E3}.Debug|x86.Build.0 = Debug|Win32
		{B90BF8D2-138B-41BD-88DF-4F72C152A3E3}.Release|x64.ActiveCfg = Release|x64
		{B90BF8D2-138B-41BD-88DF-4F72C152A3E3}.Release|x64.Build.0 = Release|x64
		{B90BF8D2-138B-41BD-88DF-4F72C152A3E3}.Release|x86.ActiveCfg = Release|Win32
		{B90BF8D2-138B-41BD-88DF-4F72C152A3E3}.Release|x86.Build.0 = Release|Win32
		{B83AC0D4-2858-4E6D-86CF-373BE24A47D9}.Debug|x64.ActiveCfg = Debug|x64
		{B83AC0D4-2858-4E6D-86CF-373BE24A47D9}.Debug|x64.Build.0 = Debug|x64
		{B83AC0D4-2858-4E6D-86CF-373BE24A47D9}.Debug|x86.ActiveCfg = Debug|Win32
		{B83AC0D4-2858-4E6D-86CF-373BE24A47D9}.Debug|x86.Build.0 = Debug|Win32
		{B83AC0D4-2858-4E6D-86CF-373BE24A47D9}.Release|x64.ActiveCfg = Release|x64
		{B83AC0D4-2858-4E6D-86CF-373BE24A47D9}.Release|x64.Build.0 = Release|x64
		{B83AC0D4-2858-4E6D-86CF-373BE24A47D9}.Release|x86.ActiveCfg = Release|Win32
		{B83AC0D4-2858-4E6D-86CF-373BE24A47D9}.Release|x86.Build.0 = Release|Win32
		{0C315640-30FC-417B-8135-EC53CE9695F9}.Debug|x64.ActiveCfg = Debug|x64
		{0C315640-30FC-417B-8135-EC53CE9695F9}.Debug|x64.Build.0 = Debug|x64
		{0C315640-30FC-417B-8135-EC53CE9695F9}.Debug|x86.ActiveCfg = Debug|Win32
		{0C315640-30FC-417B-8135-EC53CE9695F9}.Debug|x86.Build.0 = Debug|Win32
		{0C315640-30FC-417B-8135-EC53CE9695F9}.Release|x64.ActiveCfg = Release|x64
		{0C315640-30FC-417B-8135-EC53CE9695F9}.Release|x64.Build.0 = Release|x64
		{0C315640-30FC-417B-8135-EC53CE9695F9}.Release|x86.ActiveCfg = Release|Win32
		{0C315640-30FC-417B-8135-EC53CE9695F9}.Release|x86.Build.0 = Release|Win32
		{977E7901-AAB3-4C47-8800-3B14EB90B91A}.Debug|x64.ActiveCfg = Debug|x64
		{977E7901-AAB3-4C47-8800-3B14EB90B91A}.Debug|x64.Build.0 = Debug|x64
		{977E7901-AAB3-4C47-8800-3B14EB90B91A}.Debug|x86.ActiveCfg = Debug|Win32
		{977E7901-AAB3-4C47-8800-3B14EB90B91A}.Debug|x86.Build.0 = Debug|Win32
		{977E7901-AAB3-4C47-8800-3B14EB90B91A}.Release|x64.ActiveCfg = Release|x64
		{977E7901-AAB3-4C47-8800-3B14EB90B91A}.Release|x64.Build.0 = Release|x64
		{977E7901-AAB3-4C47-8800-3B14EB90B91A}.Release|x86.ActiveCfg = Release|Win32
		{977E7901-AAB3-4C47-8800-3B14EB90B91A}.Release|x86.Build.0 = Release|Win32
	EndGlobalSection
	GlobalSection(SolutionProperties) = preSolution
		HideSolutionNode = FALSE
	EndGlobalSection
	GlobalSection(NestedProjects) = preSolution
		{B90BF8D2-138B-41BD-88DF-4F72C152A3E3} = {7A13B422-B8B3-425D-ABE2-CA26F7635CF1}
		{B83AC0D4-2858-4E6D-86CF-373BE24A47D9} = {7A13B422-B8B3-425D-ABE2-CA26F7635CF1}
		{0C315640-30FC-417B-8135-EC53CE9695F9} = {7A13B422-B8B3-425D-ABE2-CA26F7635CF1}
	EndGlobalSection
	GlobalSection(ExtensibilityGlobals) = postSolution
		SolutionGuid = {3DE9CCFE-2CD7-45A9-98F8-16BCC4E5C10D}
	EndGlobalSection
EndGlobal
