
Microsoft Visual Studio Solution File, Format Version 12.00
# Visual Studio Version 17
VisualStudioVersion = 17.5.33424.131
MinimumVisualStudioVersion = 10.0.40219.1
Project("{8BC9CEB8-8B4A-11D0-8D11-00A0C91BC942}") = "001_비주얼 스튜디오 셋업", "001_TEST1\001_TEST1.vcxproj", "{15F31FDB-6D32-4355-97C1-46C19AA4BB13}"
EndProject
Project("{8BC9CEB8-8B4A-11D0-8D11-00A0C91BC942}") = "002_연산자(1)", "002_TEST2\002_TEST2.vcxproj", "{4F2E3136-E389-4314-A970-4043ED0CCB72}"
EndProject
Project("{8BC9CEB8-8B4A-11D0-8D11-00A0C91BC942}") = "003_포인터(기초)", "003_포인터(기초)\003_포인터(기초).vcxproj", "{FEFA8BDF-F813-4FFD-A248-9CF98B17694C}"
EndProject
Project("{8BC9CEB8-8B4A-11D0-8D11-00A0C91BC942}") = "004_포인터(기초2)", "004_포인터(기초2)\004_포인터(기초2).vcxproj", "{0E3518FE-6466-4715-B892-1B55E13C5CB6}"
EndProject
Project("{8BC9CEB8-8B4A-11D0-8D11-00A0C91BC942}") = "005_배열", "005_배열\005_배열.vcxproj", "{027DA626-BA1D-4F59-B526-010B72F97889}"
EndProject
Project("{8BC9CEB8-8B4A-11D0-8D11-00A0C91BC942}") = "006_프린트f", "006_프린트f\006_프린트f.vcxproj", "{0A40B11F-A11C-43DA-B3A2-105FFB943206}"
EndProject
Project("{8BC9CEB8-8B4A-11D0-8D11-00A0C91BC942}") = "007_const", "007_const\007_const.vcxproj", "{0A1AFC24-9663-400C-8C9A-7ADB92643BD7}"
EndProject
Project("{8BC9CEB8-8B4A-11D0-8D11-00A0C91BC942}") = "008_const(2)", "008_const(2)\008_const(2).vcxproj", "{F0BFDC82-007B-44F3-A432-6281A0403E7D}"
EndProject
Project("{2150E333-8FDC-42A3-9474-1A3956D46DE8}") = "Homework(0317)", "Homework(0317)", "{7A13B422-B8B3-425D-ABE2-CA26F7635CF1}"
EndProject
Project("{8BC9CEB8-8B4A-11D0-8D11-00A0C91BC942}") = "001_Homework", "001_StringCount 작성\001_StringCount 작성.vcxproj", "{B90BF8D2-138B-41BD-88DF-4F72C152A3E3}"
EndProject
Project("{8BC9CEB8-8B4A-11D0-8D11-00A0C91BC942}") = "009_포인터변수", "009_포인터변수\009_포인터변수.vcxproj", "{977E7901-AAB3-4C47-8800-3B14EB90B91A}"
EndProject
Project("{8BC9CEB8-8B4A-11D0-8D11-00A0C91BC942}") = "010_레퍼런스", "010_레퍼런스\010_레퍼런스.vcxproj", "{595E6886-A566-495C-B3CE-C821E211687A}"
EndProject
Project("{8BC9CEB8-8B4A-11D0-8D11-00A0C91BC942}") = "011_비트 단위 연산자", "011_복합할당연산자\011_복합할당연산자.vcxproj", "{600B62EB-42E6-413A-9C84-BFECD3357B14}"
EndProject
Project("{8BC9CEB8-8B4A-11D0-8D11-00A0C91BC942}") = "012_글로벌(0321)", "012_for문\012_for문.vcxproj", "{F9F6FB30-7AA7-4D8A-89AE-BED0C1732A56}"
EndProject
Project("{8BC9CEB8-8B4A-11D0-8D11-00A0C91BC942}") = "013_typedef", "013_typedef\013_typedef.vcxproj", "{AA7AF1F8-6510-471E-9332-16186E471A48}"
EndProject
Project("{8BC9CEB8-8B4A-11D0-8D11-00A0C91BC942}") = "014_class", "014_class\014_class.vcxproj", "{0F8CA529-A497-4D2F-B4A3-C74E5AFE1373}"
EndProject
Project("{8BC9CEB8-8B4A-11D0-8D11-00A0C91BC942}") = "015_breakandcontinue", "015_breakandcontinue\015_breakandcontinue.vcxproj", "{9AE9D602-D179-4D9B-B43D-FBC90E1C4073}"
EndProject
Project("{8BC9CEB8-8B4A-11D0-8D11-00A0C91BC942}") = "016_class2", "016_class2\016_class2.vcxproj", "{0B08CE92-E0B1-43A0-B013-6067D3F30175}"
EndProject
Project("{8BC9CEB8-8B4A-11D0-8D11-00A0C91BC942}") = "017_class3", "016_class3\016_class3.vcxproj", "{A5C9B83A-66A1-4B5C-AC29-483624E15FCD}"
EndProject
Project("{8BC9CEB8-8B4A-11D0-8D11-00A0C91BC942}") = "018_struct", "016_struct\016_struct.vcxproj", "{ECAC25C4-4A74-4E38-ACAD-D44C0F701288}"
EndProject
Project("{2150E333-8FDC-42A3-9474-1A3956D46DE8}") = "Homework(0321)", "Homework(0321)", "{FA5A8F10-F9E7-4B85-AD93-98EC3D79CB88}"
EndProject
Project("{2150E333-8FDC-42A3-9474-1A3956D46DE8}") = "과정", "과정", "{25C63A44-B53E-4A18-A531-1FF0CA6466C4}"
	ProjectSection(SolutionItems) = preProject
		0321.txt = 0321.txt
	EndProjectSection
EndProject
Project("{8BC9CEB8-8B4A-11D0-8D11-00A0C91BC942}") = "0321 예제 코드(T)", "test\test.vcxproj", "{A7099A6A-268A-4D78-B6DC-3B7317CF4865}"
EndProject
Project("{8BC9CEB8-8B4A-11D0-8D11-00A0C91BC942}") = "test1", "test1\test1.vcxproj", "{250B52C8-25A1-40E4-8EEA-347B488CEBCA}"
EndProject
Project("{8BC9CEB8-8B4A-11D0-8D11-00A0C91BC942}") = "0321 1과제 완료(주석O)", "숙제수정중\숙제수정중.vcxproj", "{7148EE27-B0E2-40B4-BF43-6AAFE9667CAA}"
EndProject
Project("{8BC9CEB8-8B4A-11D0-8D11-00A0C91BC942}") = "019_이차원배열(0322)", "019_이차원배열\019_이차원배열.vcxproj", "{DFB34389-E8B4-4829-9DFA-F754EA9A210A}"
EndProject
Project("{8BC9CEB8-8B4A-11D0-8D11-00A0C91BC942}") = "020_arr2nd", "020_arr2nd\020_arr2nd.vcxproj", "{688E2E7F-7B67-47C0-AF91-9EFBB2B1AE29}"
EndProject
Project("{8BC9CEB8-8B4A-11D0-8D11-00A0C91BC942}") = "021_const 추가설명", "021_const 추가설명\021_const 추가설명.vcxproj", "{FB63DB1B-8580-4196-97EF-E3BCB88A58BC}"
EndProject
Project("{8BC9CEB8-8B4A-11D0-8D11-00A0C91BC942}") = "022_member", "022_member\022_member.vcxproj", "{DCB887E0-080D-4175-A188-8117FAC84EFE}"
EndProject
Project("{8BC9CEB8-8B4A-11D0-8D11-00A0C91BC942}") = "023_이름있는 namespace", "033_이름있는 namespace\033_이름있는 namespace.vcxproj", "{D9BB5376-8B32-4610-9B52-F8A3E573B334}"
EndProject
Project("{8BC9CEB8-8B4A-11D0-8D11-00A0C91BC942}") = "024_Bytepadding", "024_Bytepadding\024_Bytepadding.vcxproj", "{091EE7A8-F95A-47BF-AE76-8F72B76D939E}"
EndProject
Project("{8BC9CEB8-8B4A-11D0-8D11-00A0C91BC942}") = "025_classconstructer(0323)", "025_classconstructer(0323)\025_classconstructer(0323).vcxproj", "{DB41CB54-1FD6-4FC6-8F87-F4507FC7ADF2}"
EndProject
Project("{8BC9CEB8-8B4A-11D0-8D11-00A0C91BC942}") = "026_this(어려웠다..!)", "026_this\026_this.vcxproj", "{550AABBD-CC8E-4190-B9F6-B584535FA232}"
EndProject
Project("{8BC9CEB8-8B4A-11D0-8D11-00A0C91BC942}") = "027_class오브젝트포인터", "027_class오브젝트포인터\027_class오브젝트포인터.vcxproj", "{E4A2C5C7-63B4-470A-8541-58D484439C5E}"
EndProject
Project("{8BC9CEB8-8B4A-11D0-8D11-00A0C91BC942}") = "027_classoperator", "027_classoperator\027_classoperator.vcxproj", "{94F98745-F21C-4ED5-B298-55CDD965E565}"
EndProject
Project("{8BC9CEB8-8B4A-11D0-8D11-00A0C91BC942}") = "028_classparameter(0324)", "028_classparameter(0324)\028_classparameter(0324).vcxproj", "{0E4C0E5B-085B-4A52-A1B9-AC9A88692A2F}"
EndProject
Project("{2150E333-8FDC-42A3-9474-1A3956D46DE8}") = "Homework(0323)", "Homework(0323)", "{5F600B31-798E-4ADE-BA38-0809D49C950F}"
EndProject
Project("{8BC9CEB8-8B4A-11D0-8D11-00A0C91BC942}") = "0323 숙제 해설(!!)", "0323 숙제 해설(!!)\0323 숙제 해설(!!).vcxproj", "{6428A69D-3CB7-4C98-A612-818CC4D68418}"
EndProject
Project("{2150E333-8FDC-42A3-9474-1A3956D46DE8}") = "Homework(0324)★", "Homework(0324)★", "{F0448B64-8D48-4944-98DD-B5FBE988FBDC}"
	ProjectSection(SolutionItems) = preProject
		과제 해설.txt = 과제 해설.txt
	EndProjectSection
EndProject
Project("{2150E333-8FDC-42A3-9474-1A3956D46DE8}") = "과정", "과정", "{62147576-9C3F-4845-8999-CD1F18FFAEA6}"
EndProject
Project("{8BC9CEB8-8B4A-11D0-8D11-00A0C91BC942}") = "029_class const(0327)", "029_class const(0327)\029_class const(0327).vcxproj", "{43B9EF28-F7F9-4FA4-B62F-0F3AF8D98B9F}"
EndProject
Project("{8BC9CEB8-8B4A-11D0-8D11-00A0C91BC942}") = "030_0324과제수정", "030_0324과제수정\030_0324과제수정.vcxproj", "{99BCCF0E-0DB5-4A26-AE87-83C90D3E22D1}"
EndProject
Project("{8BC9CEB8-8B4A-11D0-8D11-00A0C91BC942}") = "030_golbalvalue", "030_golbalvalue\030_golbalvalue.vcxproj", "{2B5CFF4D-103D-4284-AB04-64D341170F31}"
EndProject
Project("{2150E333-8FDC-42A3-9474-1A3956D46DE8}") = "Homework(0327)", "Homework(0327)", "{721A9C93-FB7A-42DB-A479-B22D66043135}"
EndProject
Project("{8BC9CEB8-8B4A-11D0-8D11-00A0C91BC942}") = "030_globalvalue(T)", "030_globalvalue(T)\030_globalvalue(T).vcxproj", "{96B2CF97-74DB-45BF-BAE3-BAF1CA52C710}"
EndProject
Project("{8BC9CEB8-8B4A-11D0-8D11-00A0C91BC942}") = "031_0327과제 해설(0328)", "031_0327과제 해설(0328)\031_0327과제 해설(0328).vcxproj", "{D62C8B78-3878-4A10-9B7B-16FAE6E3D4BA}"
EndProject
Project("{8BC9CEB8-8B4A-11D0-8D11-00A0C91BC942}") = "032_functionoverloading", "032_functiononerloading\032_functiononerloading.vcxproj", "{52E11F7E-9BAC-4F46-950D-DA3314742655}"
EndProject
Project("{8BC9CEB8-8B4A-11D0-8D11-00A0C91BC942}") = "033_declaration", "033_declaration\033_declaration.vcxproj", "{D40BDB02-569C-4469-A095-7A7D016FAD0D}"
EndProject
Project("{8BC9CEB8-8B4A-11D0-8D11-00A0C91BC942}") = "034_classdeclaration", "034_classdeclaration\034_classdeclaration.vcxproj", "{8FADE87C-964B-4D6F-9635-981AF0A68CA1}"
EndProject
Project("{8BC9CEB8-8B4A-11D0-8D11-00A0C91BC942}") = "035_오늘 질문(0329)", "035_오늘 질문(0329)\035_오늘 질문(0329).vcxproj", "{7AED466E-AD15-443E-BE29-515B918FD99D}"
EndProject
Project("{8BC9CEB8-8B4A-11D0-8D11-00A0C91BC942}") = "036_headerandcpp", "036_headerandcpp\036_headerandcpp.vcxproj", "{1A8F2338-BFBF-424F-BE26-026E716301C0}"
EndProject
Project("{8BC9CEB8-8B4A-11D0-8D11-00A0C91BC942}") = "037_0324(헤더 c++쪼개기)", "037_0324(헤더 c++쪼개기)\037_0324(헤더 c++쪼개기).vcxproj", "{946BA60E-0FE4-40C7-B494-E7D7D224F48A}"
EndProject
Project("{2150E333-8FDC-42A3-9474-1A3956D46DE8}") = "Homework(0329)", "Homework(0329)", "{CDB31005-34E2-4E33-88C4-C2EC8D7D2986}"
EndProject
Project("{2150E333-8FDC-42A3-9474-1A3956D46DE8}") = "Homework(0330)", "Homework(0330)", "{E25FCB20-E1F6-4FD0-91EC-298CAFE54F7F}"
	ProjectSection(SolutionItems) = preProject
		Memo.txt = Memo.txt
	EndProjectSection
EndProject
Project("{2150E333-8FDC-42A3-9474-1A3956D46DE8}") = "ETC", "ETC", "{56F8BD7F-E7E3-42D0-B90D-23E6ABC2A6E7}"
EndProject
Project("{8BC9CEB8-8B4A-11D0-8D11-00A0C91BC942}") = "HomeWork0330", "HomeWork0330\HomeWork0330.vcxproj", "{0936F023-F750-4B87-A5AC-D7C4BCC2F9EC}"
EndProject
Project("{8BC9CEB8-8B4A-11D0-8D11-00A0C91BC942}") = "038_ingeritance(0331)", "038_ingeritance(0331)\038_ingeritance(0331).vcxproj", "{49F8264D-D914-4D84-8D49-816F0DEEE738}"
EndProject
Project("{8BC9CEB8-8B4A-11D0-8D11-00A0C91BC942}") = "gptask", "ConsoleApplication1\ConsoleApplication1.vcxproj", "{B127AC80-E27F-4DD2-870E-5B9137F71DCB}"
EndProject
Project("{8BC9CEB8-8B4A-11D0-8D11-00A0C91BC942}") = "Homework(0324)new", "Homework(0324)new\Homework(0324)new.vcxproj", "{4EEC9FD6-6D99-4CD8-B148-C71CFC99A75F}"
EndProject
Project("{8BC9CEB8-8B4A-11D0-8D11-00A0C91BC942}") = "0327 답지", "0327 답지\0327 답지.vcxproj", "{64378A1B-F9CA-4244-A542-02063685EE92}"
EndProject
Project("{8BC9CEB8-8B4A-11D0-8D11-00A0C91BC942}") = "HomeWork0331", "HomeWork03311\HomeWork0330.vcxproj", "{9ABE26BF-ABB3-49AF-B029-483B78025549}"
EndProject
Project("{2150E333-8FDC-42A3-9474-1A3956D46DE8}") = "Homework(0331)", "Homework(0331)", "{5614CEAD-4F78-4472-B01B-2565A2E99C69}"
EndProject
Project("{2150E333-8FDC-42A3-9474-1A3956D46DE8}") = "솔루션 항목", "솔루션 항목", "{4BD57BB0-B9B5-4B4A-9AFE-6D7880BA4BCF}"
	ProjectSection(SolutionItems) = preProject
		0404.txt = 0404.txt
		TextFile1.txt = TextFile1.txt
	EndProjectSection
EndProject
Project("{8BC9CEB8-8B4A-11D0-8D11-00A0C91BC942}") = "039_상속memory(0403)", "039_상속memory(0403)\039_상속memory(0403).vcxproj", "{381976C0-9F37-4C39-B346-B07B2E9B558C}"
EndProject
Project("{8BC9CEB8-8B4A-11D0-8D11-00A0C91BC942}") = "040_classdefault", "040_classdefault\040_classdefault.vcxproj", "{A1819491-3665-448E-8422-89A404F7BCBF}"
EndProject
Project("{8BC9CEB8-8B4A-11D0-8D11-00A0C91BC942}") = "041_functionpointer", "041_functionpointer\041_functionpointer.vcxproj", "{2B1CD876-66E9-4FAF-991F-907AA0F84C3B}"
EndProject
Project("{8BC9CEB8-8B4A-11D0-8D11-00A0C91BC942}") = "042_virtualsize", "042_virtualsize\042_virtualsize.vcxproj", "{4278A2F8-2071-494F-ABDC-72D3BF83BBFA}"
EndProject
Project("{8BC9CEB8-8B4A-11D0-8D11-00A0C91BC942}") = "046_defaultclass", "046_defaultclass\046_defaultclass.vcxproj", "{7CE211B3-EE36-4B0B-8781-662FD0CD96CF}"
EndProject
Project("{8BC9CEB8-8B4A-11D0-8D11-00A0C91BC942}") = "047_classdefault", "047_classdafault\047_classdafault.vcxproj", "{199CB975-643B-4CAC-963A-19ACF614D6D8}"
EndProject
Project("{8BC9CEB8-8B4A-11D0-8D11-00A0C91BC942}") = "048_upanddowncasting(0404)", "048_upanddowncasting(0404)\048_upanddowncasting(0404).vcxproj", "{D2A3BC73-13C9-4810-881B-E0C4368E82D3}"
EndProject
Project("{8BC9CEB8-8B4A-11D0-8D11-00A0C91BC942}") = "049_Vptr", "049_Vptr\049_Vptr.vcxproj", "{6B571915-9352-43F6-BA7D-C865847140C3}"
EndProject
Project("{8BC9CEB8-8B4A-11D0-8D11-00A0C91BC942}") = "050_heap(어려움)", "050_heap(어려움)\050_heap(어려움).vcxproj", "{948EDB45-665A-44CE-9D25-F255DA118A53}"
EndProject
Project("{2150E333-8FDC-42A3-9474-1A3956D46DE8}") = "Homework(0405)", "Homework(0405)", "{CA385600-26BE-4400-B6F0-55847CA313C9}"
EndProject
Project("{8BC9CEB8-8B4A-11D0-8D11-00A0C91BC942}") = "051_deleteheap(0405)", "051_deleteheap(0405)\051_deleteheap(0405).vcxproj", "{341D543D-CA8C-4F95-83A6-34C4854249E5}"
EndProject
Project("{8BC9CEB8-8B4A-11D0-8D11-00A0C91BC942}") = "052_arrayheap(x)", "052_arrayheap\052_arrayheap.vcxproj", "{4BB0FFB4-B2D6-44CC-91C3-650E4EF3FEC6}"
EndProject
Project("{8BC9CEB8-8B4A-11D0-8D11-00A0C91BC942}") = "053_template(x)", "053_template\053_template.vcxproj", "{DE7F7FD0-362E-4F48-8879-B5B242A785EF}"
EndProject
Project("{2150E333-8FDC-42A3-9474-1A3956D46DE8}") = "DataStruct", "DataStruct", "{26F510B8-83B9-4DA0-8AFC-7CE797A9F118}"
EndProject
Project("{8BC9CEB8-8B4A-11D0-8D11-00A0C91BC942}") = "054_DeepcopyandShallowcopy(0406)", "054_DeepcopyandShallowcopy\054_DeepcopyandShallowcopy.vcxproj", "{E5971B22-E227-44FF-A9F7-BCB8599C3346}"
EndProject
Project("{8BC9CEB8-8B4A-11D0-8D11-00A0C91BC942}") = "055_Assert", "055_Assert\055_Assert.vcxproj", "{448F944E-B669-4480-A053-335DBAE815C0}"
EndProject
Project("{8BC9CEB8-8B4A-11D0-8D11-00A0C91BC942}") = "056_Define", "056_Define\056_Define.vcxproj", "{C9AAA7D8-45C4-4B5E-990A-20305AF67D02}"
EndProject
Project("{2150E333-8FDC-42A3-9474-1A3956D46DE8}") = "Homework(0407)", "Homework(0407)", "{976CC50F-110A-4473-A2B2-8B0CC7934323}"
EndProject
Project("{2150E333-8FDC-42A3-9474-1A3956D46DE8}") = "Base", "Base", "{BD25FFFF-4194-47B3-9CF2-853CB9B9ECEF}"
EndProject
Project("{8BC9CEB8-8B4A-11D0-8D11-00A0C91BC942}") = "057_classnew", "057_classnew\057_classnew.vcxproj", "{A216D46C-8B71-4C01-A475-13FB6E56606D}"
EndProject
Global
	GlobalSection(SolutionConfigurationPlatforms) = preSolution
		Debug|x64 = Debug|x64
		Debug|x86 = Debug|x86
		Release|x64 = Release|x64
		Release|x86 = Release|x86
	EndGlobalSection
	GlobalSection(ProjectConfigurationPlatforms) = postSolution
		{15F31FDB-6D32-4355-97C1-46C19AA4BB13}.Debug|x64.ActiveCfg = Debug|x64
		{15F31FDB-6D32-4355-97C1-46C19AA4BB13}.Debug|x64.Build.0 = Debug|x64
		{15F31FDB-6D32-4355-97C1-46C19AA4BB13}.Debug|x86.ActiveCfg = Debug|Win32
		{15F31FDB-6D32-4355-97C1-46C19AA4BB13}.Debug|x86.Build.0 = Debug|Win32
		{15F31FDB-6D32-4355-97C1-46C19AA4BB13}.Release|x64.ActiveCfg = Release|x64
		{15F31FDB-6D32-4355-97C1-46C19AA4BB13}.Release|x64.Build.0 = Release|x64
		{15F31FDB-6D32-4355-97C1-46C19AA4BB13}.Release|x86.ActiveCfg = Release|Win32
		{15F31FDB-6D32-4355-97C1-46C19AA4BB13}.Release|x86.Build.0 = Release|Win32
		{4F2E3136-E389-4314-A970-4043ED0CCB72}.Debug|x64.ActiveCfg = Debug|x64
		{4F2E3136-E389-4314-A970-4043ED0CCB72}.Debug|x64.Build.0 = Debug|x64
		{4F2E3136-E389-4314-A970-4043ED0CCB72}.Debug|x86.ActiveCfg = Debug|Win32
		{4F2E3136-E389-4314-A970-4043ED0CCB72}.Debug|x86.Build.0 = Debug|Win32
		{4F2E3136-E389-4314-A970-4043ED0CCB72}.Release|x64.ActiveCfg = Release|x64
		{4F2E3136-E389-4314-A970-4043ED0CCB72}.Release|x64.Build.0 = Release|x64
		{4F2E3136-E389-4314-A970-4043ED0CCB72}.Release|x86.ActiveCfg = Release|Win32
		{4F2E3136-E389-4314-A970-4043ED0CCB72}.Release|x86.Build.0 = Release|Win32
		{FEFA8BDF-F813-4FFD-A248-9CF98B17694C}.Debug|x64.ActiveCfg = Debug|x64
		{FEFA8BDF-F813-4FFD-A248-9CF98B17694C}.Debug|x64.Build.0 = Debug|x64
		{FEFA8BDF-F813-4FFD-A248-9CF98B17694C}.Debug|x86.ActiveCfg = Debug|Win32
		{FEFA8BDF-F813-4FFD-A248-9CF98B17694C}.Debug|x86.Build.0 = Debug|Win32
		{FEFA8BDF-F813-4FFD-A248-9CF98B17694C}.Release|x64.ActiveCfg = Release|x64
		{FEFA8BDF-F813-4FFD-A248-9CF98B17694C}.Release|x64.Build.0 = Release|x64
		{FEFA8BDF-F813-4FFD-A248-9CF98B17694C}.Release|x86.ActiveCfg = Release|Win32
		{FEFA8BDF-F813-4FFD-A248-9CF98B17694C}.Release|x86.Build.0 = Release|Win32
		{0E3518FE-6466-4715-B892-1B55E13C5CB6}.Debug|x64.ActiveCfg = Debug|x64
		{0E3518FE-6466-4715-B892-1B55E13C5CB6}.Debug|x64.Build.0 = Debug|x64
		{0E3518FE-6466-4715-B892-1B55E13C5CB6}.Debug|x86.ActiveCfg = Debug|Win32
		{0E3518FE-6466-4715-B892-1B55E13C5CB6}.Debug|x86.Build.0 = Debug|Win32
		{0E3518FE-6466-4715-B892-1B55E13C5CB6}.Release|x64.ActiveCfg = Release|x64
		{0E3518FE-6466-4715-B892-1B55E13C5CB6}.Release|x64.Build.0 = Release|x64
		{0E3518FE-6466-4715-B892-1B55E13C5CB6}.Release|x86.ActiveCfg = Release|Win32
		{0E3518FE-6466-4715-B892-1B55E13C5CB6}.Release|x86.Build.0 = Release|Win32
		{027DA626-BA1D-4F59-B526-010B72F97889}.Debug|x64.ActiveCfg = Debug|x64
		{027DA626-BA1D-4F59-B526-010B72F97889}.Debug|x64.Build.0 = Debug|x64
		{027DA626-BA1D-4F59-B526-010B72F97889}.Debug|x86.ActiveCfg = Debug|Win32
		{027DA626-BA1D-4F59-B526-010B72F97889}.Debug|x86.Build.0 = Debug|Win32
		{027DA626-BA1D-4F59-B526-010B72F97889}.Release|x64.ActiveCfg = Release|x64
		{027DA626-BA1D-4F59-B526-010B72F97889}.Release|x64.Build.0 = Release|x64
		{027DA626-BA1D-4F59-B526-010B72F97889}.Release|x86.ActiveCfg = Release|Win32
		{027DA626-BA1D-4F59-B526-010B72F97889}.Release|x86.Build.0 = Release|Win32
		{0A40B11F-A11C-43DA-B3A2-105FFB943206}.Debug|x64.ActiveCfg = Debug|x64
		{0A40B11F-A11C-43DA-B3A2-105FFB943206}.Debug|x64.Build.0 = Debug|x64
		{0A40B11F-A11C-43DA-B3A2-105FFB943206}.Debug|x86.ActiveCfg = Debug|Win32
		{0A40B11F-A11C-43DA-B3A2-105FFB943206}.Debug|x86.Build.0 = Debug|Win32
		{0A40B11F-A11C-43DA-B3A2-105FFB943206}.Release|x64.ActiveCfg = Release|x64
		{0A40B11F-A11C-43DA-B3A2-105FFB943206}.Release|x64.Build.0 = Release|x64
		{0A40B11F-A11C-43DA-B3A2-105FFB943206}.Release|x86.ActiveCfg = Release|Win32
		{0A40B11F-A11C-43DA-B3A2-105FFB943206}.Release|x86.Build.0 = Release|Win32
		{0A1AFC24-9663-400C-8C9A-7ADB92643BD7}.Debug|x64.ActiveCfg = Debug|x64
		{0A1AFC24-9663-400C-8C9A-7ADB92643BD7}.Debug|x64.Build.0 = Debug|x64
		{0A1AFC24-9663-400C-8C9A-7ADB92643BD7}.Debug|x86.ActiveCfg = Debug|Win32
		{0A1AFC24-9663-400C-8C9A-7ADB92643BD7}.Debug|x86.Build.0 = Debug|Win32
		{0A1AFC24-9663-400C-8C9A-7ADB92643BD7}.Release|x64.ActiveCfg = Release|x64
		{0A1AFC24-9663-400C-8C9A-7ADB92643BD7}.Release|x64.Build.0 = Release|x64
		{0A1AFC24-9663-400C-8C9A-7ADB92643BD7}.Release|x86.ActiveCfg = Release|Win32
		{0A1AFC24-9663-400C-8C9A-7ADB92643BD7}.Release|x86.Build.0 = Release|Win32
		{F0BFDC82-007B-44F3-A432-6281A0403E7D}.Debug|x64.ActiveCfg = Debug|x64
		{F0BFDC82-007B-44F3-A432-6281A0403E7D}.Debug|x64.Build.0 = Debug|x64
		{F0BFDC82-007B-44F3-A432-6281A0403E7D}.Debug|x86.ActiveCfg = Debug|Win32
		{F0BFDC82-007B-44F3-A432-6281A0403E7D}.Debug|x86.Build.0 = Debug|Win32
		{F0BFDC82-007B-44F3-A432-6281A0403E7D}.Release|x64.ActiveCfg = Release|x64
		{F0BFDC82-007B-44F3-A432-6281A0403E7D}.Release|x64.Build.0 = Release|x64
		{F0BFDC82-007B-44F3-A432-6281A0403E7D}.Release|x86.ActiveCfg = Release|Win32
		{F0BFDC82-007B-44F3-A432-6281A0403E7D}.Release|x86.Build.0 = Release|Win32
		{B90BF8D2-138B-41BD-88DF-4F72C152A3E3}.Debug|x64.ActiveCfg = Debug|x64
		{B90BF8D2-138B-41BD-88DF-4F72C152A3E3}.Debug|x64.Build.0 = Debug|x64
		{B90BF8D2-138B-41BD-88DF-4F72C152A3E3}.Debug|x86.ActiveCfg = Debug|Win32
		{B90BF8D2-138B-41BD-88DF-4F72C152A3E3}.Debug|x86.Build.0 = Debug|Win32
		{B90BF8D2-138B-41BD-88DF-4F72C152A3E3}.Release|x64.ActiveCfg = Release|x64
		{B90BF8D2-138B-41BD-88DF-4F72C152A3E3}.Release|x64.Build.0 = Release|x64
		{B90BF8D2-138B-41BD-88DF-4F72C152A3E3}.Release|x86.ActiveCfg = Release|Win32
		{B90BF8D2-138B-41BD-88DF-4F72C152A3E3}.Release|x86.Build.0 = Release|Win32
		{977E7901-AAB3-4C47-8800-3B14EB90B91A}.Debug|x64.ActiveCfg = Debug|x64
		{977E7901-AAB3-4C47-8800-3B14EB90B91A}.Debug|x64.Build.0 = Debug|x64
		{977E7901-AAB3-4C47-8800-3B14EB90B91A}.Debug|x86.ActiveCfg = Debug|Win32
		{977E7901-AAB3-4C47-8800-3B14EB90B91A}.Debug|x86.Build.0 = Debug|Win32
		{977E7901-AAB3-4C47-8800-3B14EB90B91A}.Release|x64.ActiveCfg = Release|x64
		{977E7901-AAB3-4C47-8800-3B14EB90B91A}.Release|x64.Build.0 = Release|x64
		{977E7901-AAB3-4C47-8800-3B14EB90B91A}.Release|x86.ActiveCfg = Release|Win32
		{977E7901-AAB3-4C47-8800-3B14EB90B91A}.Release|x86.Build.0 = Release|Win32
		{595E6886-A566-495C-B3CE-C821E211687A}.Debug|x64.ActiveCfg = Debug|x64
		{595E6886-A566-495C-B3CE-C821E211687A}.Debug|x64.Build.0 = Debug|x64
		{595E6886-A566-495C-B3CE-C821E211687A}.Debug|x86.ActiveCfg = Debug|Win32
		{595E6886-A566-495C-B3CE-C821E211687A}.Debug|x86.Build.0 = Debug|Win32
		{595E6886-A566-495C-B3CE-C821E211687A}.Release|x64.ActiveCfg = Release|x64
		{595E6886-A566-495C-B3CE-C821E211687A}.Release|x64.Build.0 = Release|x64
		{595E6886-A566-495C-B3CE-C821E211687A}.Release|x86.ActiveCfg = Release|Win32
		{595E6886-A566-495C-B3CE-C821E211687A}.Release|x86.Build.0 = Release|Win32
		{600B62EB-42E6-413A-9C84-BFECD3357B14}.Debug|x64.ActiveCfg = Debug|x64
		{600B62EB-42E6-413A-9C84-BFECD3357B14}.Debug|x64.Build.0 = Debug|x64
		{600B62EB-42E6-413A-9C84-BFECD3357B14}.Debug|x86.ActiveCfg = Debug|Win32
		{600B62EB-42E6-413A-9C84-BFECD3357B14}.Debug|x86.Build.0 = Debug|Win32
		{600B62EB-42E6-413A-9C84-BFECD3357B14}.Release|x64.ActiveCfg = Release|x64
		{600B62EB-42E6-413A-9C84-BFECD3357B14}.Release|x64.Build.0 = Release|x64
		{600B62EB-42E6-413A-9C84-BFECD3357B14}.Release|x86.ActiveCfg = Release|Win32
		{600B62EB-42E6-413A-9C84-BFECD3357B14}.Release|x86.Build.0 = Release|Win32
		{F9F6FB30-7AA7-4D8A-89AE-BED0C1732A56}.Debug|x64.ActiveCfg = Debug|x64
		{F9F6FB30-7AA7-4D8A-89AE-BED0C1732A56}.Debug|x64.Build.0 = Debug|x64
		{F9F6FB30-7AA7-4D8A-89AE-BED0C1732A56}.Debug|x86.ActiveCfg = Debug|Win32
		{F9F6FB30-7AA7-4D8A-89AE-BED0C1732A56}.Debug|x86.Build.0 = Debug|Win32
		{F9F6FB30-7AA7-4D8A-89AE-BED0C1732A56}.Release|x64.ActiveCfg = Release|x64
		{F9F6FB30-7AA7-4D8A-89AE-BED0C1732A56}.Release|x64.Build.0 = Release|x64
		{F9F6FB30-7AA7-4D8A-89AE-BED0C1732A56}.Release|x86.ActiveCfg = Release|Win32
		{F9F6FB30-7AA7-4D8A-89AE-BED0C1732A56}.Release|x86.Build.0 = Release|Win32
		{AA7AF1F8-6510-471E-9332-16186E471A48}.Debug|x64.ActiveCfg = Debug|x64
		{AA7AF1F8-6510-471E-9332-16186E471A48}.Debug|x64.Build.0 = Debug|x64
		{AA7AF1F8-6510-471E-9332-16186E471A48}.Debug|x86.ActiveCfg = Debug|Win32
		{AA7AF1F8-6510-471E-9332-16186E471A48}.Debug|x86.Build.0 = Debug|Win32
		{AA7AF1F8-6510-471E-9332-16186E471A48}.Release|x64.ActiveCfg = Release|x64
		{AA7AF1F8-6510-471E-9332-16186E471A48}.Release|x64.Build.0 = Release|x64
		{AA7AF1F8-6510-471E-9332-16186E471A48}.Release|x86.ActiveCfg = Release|Win32
		{AA7AF1F8-6510-471E-9332-16186E471A48}.Release|x86.Build.0 = Release|Win32
		{0F8CA529-A497-4D2F-B4A3-C74E5AFE1373}.Debug|x64.ActiveCfg = Debug|x64
		{0F8CA529-A497-4D2F-B4A3-C74E5AFE1373}.Debug|x64.Build.0 = Debug|x64
		{0F8CA529-A497-4D2F-B4A3-C74E5AFE1373}.Debug|x86.ActiveCfg = Debug|Win32
		{0F8CA529-A497-4D2F-B4A3-C74E5AFE1373}.Debug|x86.Build.0 = Debug|Win32
		{0F8CA529-A497-4D2F-B4A3-C74E5AFE1373}.Release|x64.ActiveCfg = Release|x64
		{0F8CA529-A497-4D2F-B4A3-C74E5AFE1373}.Release|x64.Build.0 = Release|x64
		{0F8CA529-A497-4D2F-B4A3-C74E5AFE1373}.Release|x86.ActiveCfg = Release|Win32
		{0F8CA529-A497-4D2F-B4A3-C74E5AFE1373}.Release|x86.Build.0 = Release|Win32
		{9AE9D602-D179-4D9B-B43D-FBC90E1C4073}.Debug|x64.ActiveCfg = Debug|x64
		{9AE9D602-D179-4D9B-B43D-FBC90E1C4073}.Debug|x64.Build.0 = Debug|x64
		{9AE9D602-D179-4D9B-B43D-FBC90E1C4073}.Debug|x86.ActiveCfg = Debug|Win32
		{9AE9D602-D179-4D9B-B43D-FBC90E1C4073}.Debug|x86.Build.0 = Debug|Win32
		{9AE9D602-D179-4D9B-B43D-FBC90E1C4073}.Release|x64.ActiveCfg = Release|x64
		{9AE9D602-D179-4D9B-B43D-FBC90E1C4073}.Release|x64.Build.0 = Release|x64
		{9AE9D602-D179-4D9B-B43D-FBC90E1C4073}.Release|x86.ActiveCfg = Release|Win32
		{9AE9D602-D179-4D9B-B43D-FBC90E1C4073}.Release|x86.Build.0 = Release|Win32
		{0B08CE92-E0B1-43A0-B013-6067D3F30175}.Debug|x64.ActiveCfg = Debug|x64
		{0B08CE92-E0B1-43A0-B013-6067D3F30175}.Debug|x64.Build.0 = Debug|x64
		{0B08CE92-E0B1-43A0-B013-6067D3F30175}.Debug|x86.ActiveCfg = Debug|Win32
		{0B08CE92-E0B1-43A0-B013-6067D3F30175}.Debug|x86.Build.0 = Debug|Win32
		{0B08CE92-E0B1-43A0-B013-6067D3F30175}.Release|x64.ActiveCfg = Release|x64
		{0B08CE92-E0B1-43A0-B013-6067D3F30175}.Release|x64.Build.0 = Release|x64
		{0B08CE92-E0B1-43A0-B013-6067D3F30175}.Release|x86.ActiveCfg = Release|Win32
		{0B08CE92-E0B1-43A0-B013-6067D3F30175}.Release|x86.Build.0 = Release|Win32
		{A5C9B83A-66A1-4B5C-AC29-483624E15FCD}.Debug|x64.ActiveCfg = Debug|x64
		{A5C9B83A-66A1-4B5C-AC29-483624E15FCD}.Debug|x64.Build.0 = Debug|x64
		{A5C9B83A-66A1-4B5C-AC29-483624E15FCD}.Debug|x86.ActiveCfg = Debug|Win32
		{A5C9B83A-66A1-4B5C-AC29-483624E15FCD}.Debug|x86.Build.0 = Debug|Win32
		{A5C9B83A-66A1-4B5C-AC29-483624E15FCD}.Release|x64.ActiveCfg = Release|x64
		{A5C9B83A-66A1-4B5C-AC29-483624E15FCD}.Release|x64.Build.0 = Release|x64
		{A5C9B83A-66A1-4B5C-AC29-483624E15FCD}.Release|x86.ActiveCfg = Release|Win32
		{A5C9B83A-66A1-4B5C-AC29-483624E15FCD}.Release|x86.Build.0 = Release|Win32
		{ECAC25C4-4A74-4E38-ACAD-D44C0F701288}.Debug|x64.ActiveCfg = Debug|x64
		{ECAC25C4-4A74-4E38-ACAD-D44C0F701288}.Debug|x64.Build.0 = Debug|x64
		{ECAC25C4-4A74-4E38-ACAD-D44C0F701288}.Debug|x86.ActiveCfg = Debug|Win32
		{ECAC25C4-4A74-4E38-ACAD-D44C0F701288}.Debug|x86.Build.0 = Debug|Win32
		{ECAC25C4-4A74-4E38-ACAD-D44C0F701288}.Release|x64.ActiveCfg = Release|x64
		{ECAC25C4-4A74-4E38-ACAD-D44C0F701288}.Release|x64.Build.0 = Release|x64
		{ECAC25C4-4A74-4E38-ACAD-D44C0F701288}.Release|x86.ActiveCfg = Release|Win32
		{ECAC25C4-4A74-4E38-ACAD-D44C0F701288}.Release|x86.Build.0 = Release|Win32
		{A7099A6A-268A-4D78-B6DC-3B7317CF4865}.Debug|x64.ActiveCfg = Debug|x64
		{A7099A6A-268A-4D78-B6DC-3B7317CF4865}.Debug|x64.Build.0 = Debug|x64
		{A7099A6A-268A-4D78-B6DC-3B7317CF4865}.Debug|x86.ActiveCfg = Debug|Win32
		{A7099A6A-268A-4D78-B6DC-3B7317CF4865}.Debug|x86.Build.0 = Debug|Win32
		{A7099A6A-268A-4D78-B6DC-3B7317CF4865}.Release|x64.ActiveCfg = Release|x64
		{A7099A6A-268A-4D78-B6DC-3B7317CF4865}.Release|x64.Build.0 = Release|x64
		{A7099A6A-268A-4D78-B6DC-3B7317CF4865}.Release|x86.ActiveCfg = Release|Win32
		{A7099A6A-268A-4D78-B6DC-3B7317CF4865}.Release|x86.Build.0 = Release|Win32
		{250B52C8-25A1-40E4-8EEA-347B488CEBCA}.Debug|x64.ActiveCfg = Debug|x64
		{250B52C8-25A1-40E4-8EEA-347B488CEBCA}.Debug|x64.Build.0 = Debug|x64
		{250B52C8-25A1-40E4-8EEA-347B488CEBCA}.Debug|x86.ActiveCfg = Debug|Win32
		{250B52C8-25A1-40E4-8EEA-347B488CEBCA}.Debug|x86.Build.0 = Debug|Win32
		{250B52C8-25A1-40E4-8EEA-347B488CEBCA}.Release|x64.ActiveCfg = Release|x64
		{250B52C8-25A1-40E4-8EEA-347B488CEBCA}.Release|x64.Build.0 = Release|x64
		{250B52C8-25A1-40E4-8EEA-347B488CEBCA}.Release|x86.ActiveCfg = Release|Win32
		{250B52C8-25A1-40E4-8EEA-347B488CEBCA}.Release|x86.Build.0 = Release|Win32
		{7148EE27-B0E2-40B4-BF43-6AAFE9667CAA}.Debug|x64.ActiveCfg = Debug|x64
		{7148EE27-B0E2-40B4-BF43-6AAFE9667CAA}.Debug|x64.Build.0 = Debug|x64
		{7148EE27-B0E2-40B4-BF43-6AAFE9667CAA}.Debug|x86.ActiveCfg = Debug|Win32
		{7148EE27-B0E2-40B4-BF43-6AAFE9667CAA}.Debug|x86.Build.0 = Debug|Win32
		{7148EE27-B0E2-40B4-BF43-6AAFE9667CAA}.Release|x64.ActiveCfg = Release|x64
		{7148EE27-B0E2-40B4-BF43-6AAFE9667CAA}.Release|x64.Build.0 = Release|x64
		{7148EE27-B0E2-40B4-BF43-6AAFE9667CAA}.Release|x86.ActiveCfg = Release|Win32
		{7148EE27-B0E2-40B4-BF43-6AAFE9667CAA}.Release|x86.Build.0 = Release|Win32
		{DFB34389-E8B4-4829-9DFA-F754EA9A210A}.Debug|x64.ActiveCfg = Debug|x64
		{DFB34389-E8B4-4829-9DFA-F754EA9A210A}.Debug|x64.Build.0 = Debug|x64
		{DFB34389-E8B4-4829-9DFA-F754EA9A210A}.Debug|x86.ActiveCfg = Debug|Win32
		{DFB34389-E8B4-4829-9DFA-F754EA9A210A}.Debug|x86.Build.0 = Debug|Win32
		{DFB34389-E8B4-4829-9DFA-F754EA9A210A}.Release|x64.ActiveCfg = Release|x64
		{DFB34389-E8B4-4829-9DFA-F754EA9A210A}.Release|x64.Build.0 = Release|x64
		{DFB34389-E8B4-4829-9DFA-F754EA9A210A}.Release|x86.ActiveCfg = Release|Win32
		{DFB34389-E8B4-4829-9DFA-F754EA9A210A}.Release|x86.Build.0 = Release|Win32
		{688E2E7F-7B67-47C0-AF91-9EFBB2B1AE29}.Debug|x64.ActiveCfg = Debug|x64
		{688E2E7F-7B67-47C0-AF91-9EFBB2B1AE29}.Debug|x64.Build.0 = Debug|x64
		{688E2E7F-7B67-47C0-AF91-9EFBB2B1AE29}.Debug|x86.ActiveCfg = Debug|Win32
		{688E2E7F-7B67-47C0-AF91-9EFBB2B1AE29}.Debug|x86.Build.0 = Debug|Win32
		{688E2E7F-7B67-47C0-AF91-9EFBB2B1AE29}.Release|x64.ActiveCfg = Release|x64
		{688E2E7F-7B67-47C0-AF91-9EFBB2B1AE29}.Release|x64.Build.0 = Release|x64
		{688E2E7F-7B67-47C0-AF91-9EFBB2B1AE29}.Release|x86.ActiveCfg = Release|Win32
		{688E2E7F-7B67-47C0-AF91-9EFBB2B1AE29}.Release|x86.Build.0 = Release|Win32
		{FB63DB1B-8580-4196-97EF-E3BCB88A58BC}.Debug|x64.ActiveCfg = Debug|x64
		{FB63DB1B-8580-4196-97EF-E3BCB88A58BC}.Debug|x64.Build.0 = Debug|x64
		{FB63DB1B-8580-4196-97EF-E3BCB88A58BC}.Debug|x86.ActiveCfg = Debug|Win32
		{FB63DB1B-8580-4196-97EF-E3BCB88A58BC}.Debug|x86.Build.0 = Debug|Win32
		{FB63DB1B-8580-4196-97EF-E3BCB88A58BC}.Release|x64.ActiveCfg = Release|x64
		{FB63DB1B-8580-4196-97EF-E3BCB88A58BC}.Release|x64.Build.0 = Release|x64
		{FB63DB1B-8580-4196-97EF-E3BCB88A58BC}.Release|x86.ActiveCfg = Release|Win32
		{FB63DB1B-8580-4196-97EF-E3BCB88A58BC}.Release|x86.Build.0 = Release|Win32
		{DCB887E0-080D-4175-A188-8117FAC84EFE}.Debug|x64.ActiveCfg = Debug|x64
		{DCB887E0-080D-4175-A188-8117FAC84EFE}.Debug|x64.Build.0 = Debug|x64
		{DCB887E0-080D-4175-A188-8117FAC84EFE}.Debug|x86.ActiveCfg = Debug|Win32
		{DCB887E0-080D-4175-A188-8117FAC84EFE}.Debug|x86.Build.0 = Debug|Win32
		{DCB887E0-080D-4175-A188-8117FAC84EFE}.Release|x64.ActiveCfg = Release|x64
		{DCB887E0-080D-4175-A188-8117FAC84EFE}.Release|x64.Build.0 = Release|x64
		{DCB887E0-080D-4175-A188-8117FAC84EFE}.Release|x86.ActiveCfg = Release|Win32
		{DCB887E0-080D-4175-A188-8117FAC84EFE}.Release|x86.Build.0 = Release|Win32
		{D9BB5376-8B32-4610-9B52-F8A3E573B334}.Debug|x64.ActiveCfg = Debug|x64
		{D9BB5376-8B32-4610-9B52-F8A3E573B334}.Debug|x64.Build.0 = Debug|x64
		{D9BB5376-8B32-4610-9B52-F8A3E573B334}.Debug|x86.ActiveCfg = Debug|Win32
		{D9BB5376-8B32-4610-9B52-F8A3E573B334}.Debug|x86.Build.0 = Debug|Win32
		{D9BB5376-8B32-4610-9B52-F8A3E573B334}.Release|x64.ActiveCfg = Release|x64
		{D9BB5376-8B32-4610-9B52-F8A3E573B334}.Release|x64.Build.0 = Release|x64
		{D9BB5376-8B32-4610-9B52-F8A3E573B334}.Release|x86.ActiveCfg = Release|Win32
		{D9BB5376-8B32-4610-9B52-F8A3E573B334}.Release|x86.Build.0 = Release|Win32
		{091EE7A8-F95A-47BF-AE76-8F72B76D939E}.Debug|x64.ActiveCfg = Debug|x64
		{091EE7A8-F95A-47BF-AE76-8F72B76D939E}.Debug|x64.Build.0 = Debug|x64
		{091EE7A8-F95A-47BF-AE76-8F72B76D939E}.Debug|x86.ActiveCfg = Debug|Win32
		{091EE7A8-F95A-47BF-AE76-8F72B76D939E}.Debug|x86.Build.0 = Debug|Win32
		{091EE7A8-F95A-47BF-AE76-8F72B76D939E}.Release|x64.ActiveCfg = Release|x64
		{091EE7A8-F95A-47BF-AE76-8F72B76D939E}.Release|x64.Build.0 = Release|x64
		{091EE7A8-F95A-47BF-AE76-8F72B76D939E}.Release|x86.ActiveCfg = Release|Win32
		{091EE7A8-F95A-47BF-AE76-8F72B76D939E}.Release|x86.Build.0 = Release|Win32
		{DB41CB54-1FD6-4FC6-8F87-F4507FC7ADF2}.Debug|x64.ActiveCfg = Debug|x64
		{DB41CB54-1FD6-4FC6-8F87-F4507FC7ADF2}.Debug|x64.Build.0 = Debug|x64
		{DB41CB54-1FD6-4FC6-8F87-F4507FC7ADF2}.Debug|x86.ActiveCfg = Debug|Win32
		{DB41CB54-1FD6-4FC6-8F87-F4507FC7ADF2}.Debug|x86.Build.0 = Debug|Win32
		{DB41CB54-1FD6-4FC6-8F87-F4507FC7ADF2}.Release|x64.ActiveCfg = Release|x64
		{DB41CB54-1FD6-4FC6-8F87-F4507FC7ADF2}.Release|x64.Build.0 = Release|x64
		{DB41CB54-1FD6-4FC6-8F87-F4507FC7ADF2}.Release|x86.ActiveCfg = Release|Win32
		{DB41CB54-1FD6-4FC6-8F87-F4507FC7ADF2}.Release|x86.Build.0 = Release|Win32
		{550AABBD-CC8E-4190-B9F6-B584535FA232}.Debug|x64.ActiveCfg = Debug|x64
		{550AABBD-CC8E-4190-B9F6-B584535FA232}.Debug|x64.Build.0 = Debug|x64
		{550AABBD-CC8E-4190-B9F6-B584535FA232}.Debug|x86.ActiveCfg = Debug|Win32
		{550AABBD-CC8E-4190-B9F6-B584535FA232}.Debug|x86.Build.0 = Debug|Win32
		{550AABBD-CC8E-4190-B9F6-B584535FA232}.Release|x64.ActiveCfg = Release|x64
		{550AABBD-CC8E-4190-B9F6-B584535FA232}.Release|x64.Build.0 = Release|x64
		{550AABBD-CC8E-4190-B9F6-B584535FA232}.Release|x86.ActiveCfg = Release|Win32
		{550AABBD-CC8E-4190-B9F6-B584535FA232}.Release|x86.Build.0 = Release|Win32
		{E4A2C5C7-63B4-470A-8541-58D484439C5E}.Debug|x64.ActiveCfg = Debug|x64
		{E4A2C5C7-63B4-470A-8541-58D484439C5E}.Debug|x64.Build.0 = Debug|x64
		{E4A2C5C7-63B4-470A-8541-58D484439C5E}.Debug|x86.ActiveCfg = Debug|Win32
		{E4A2C5C7-63B4-470A-8541-58D484439C5E}.Debug|x86.Build.0 = Debug|Win32
		{E4A2C5C7-63B4-470A-8541-58D484439C5E}.Release|x64.ActiveCfg = Release|x64
		{E4A2C5C7-63B4-470A-8541-58D484439C5E}.Release|x64.Build.0 = Release|x64
		{E4A2C5C7-63B4-470A-8541-58D484439C5E}.Release|x86.ActiveCfg = Release|Win32
		{E4A2C5C7-63B4-470A-8541-58D484439C5E}.Release|x86.Build.0 = Release|Win32
		{94F98745-F21C-4ED5-B298-55CDD965E565}.Debug|x64.ActiveCfg = Debug|x64
		{94F98745-F21C-4ED5-B298-55CDD965E565}.Debug|x64.Build.0 = Debug|x64
		{94F98745-F21C-4ED5-B298-55CDD965E565}.Debug|x86.ActiveCfg = Debug|Win32
		{94F98745-F21C-4ED5-B298-55CDD965E565}.Debug|x86.Build.0 = Debug|Win32
		{94F98745-F21C-4ED5-B298-55CDD965E565}.Release|x64.ActiveCfg = Release|x64
		{94F98745-F21C-4ED5-B298-55CDD965E565}.Release|x64.Build.0 = Release|x64
		{94F98745-F21C-4ED5-B298-55CDD965E565}.Release|x86.ActiveCfg = Release|Win32
		{94F98745-F21C-4ED5-B298-55CDD965E565}.Release|x86.Build.0 = Release|Win32
		{0E4C0E5B-085B-4A52-A1B9-AC9A88692A2F}.Debug|x64.ActiveCfg = Debug|x64
		{0E4C0E5B-085B-4A52-A1B9-AC9A88692A2F}.Debug|x64.Build.0 = Debug|x64
		{0E4C0E5B-085B-4A52-A1B9-AC9A88692A2F}.Debug|x86.ActiveCfg = Debug|Win32
		{0E4C0E5B-085B-4A52-A1B9-AC9A88692A2F}.Debug|x86.Build.0 = Debug|Win32
		{0E4C0E5B-085B-4A52-A1B9-AC9A88692A2F}.Release|x64.ActiveCfg = Release|x64
		{0E4C0E5B-085B-4A52-A1B9-AC9A88692A2F}.Release|x64.Build.0 = Release|x64
		{0E4C0E5B-085B-4A52-A1B9-AC9A88692A2F}.Release|x86.ActiveCfg = Release|Win32
		{0E4C0E5B-085B-4A52-A1B9-AC9A88692A2F}.Release|x86.Build.0 = Release|Win32
		{6428A69D-3CB7-4C98-A612-818CC4D68418}.Debug|x64.ActiveCfg = Debug|x64
		{6428A69D-3CB7-4C98-A612-818CC4D68418}.Debug|x64.Build.0 = Debug|x64
		{6428A69D-3CB7-4C98-A612-818CC4D68418}.Debug|x86.ActiveCfg = Debug|Win32
		{6428A69D-3CB7-4C98-A612-818CC4D68418}.Debug|x86.Build.0 = Debug|Win32
		{6428A69D-3CB7-4C98-A612-818CC4D68418}.Release|x64.ActiveCfg = Release|x64
		{6428A69D-3CB7-4C98-A612-818CC4D68418}.Release|x64.Build.0 = Release|x64
		{6428A69D-3CB7-4C98-A612-818CC4D68418}.Release|x86.ActiveCfg = Release|Win32
		{6428A69D-3CB7-4C98-A612-818CC4D68418}.Release|x86.Build.0 = Release|Win32
		{43B9EF28-F7F9-4FA4-B62F-0F3AF8D98B9F}.Debug|x64.ActiveCfg = Debug|x64
		{43B9EF28-F7F9-4FA4-B62F-0F3AF8D98B9F}.Debug|x64.Build.0 = Debug|x64
		{43B9EF28-F7F9-4FA4-B62F-0F3AF8D98B9F}.Debug|x86.ActiveCfg = Debug|Win32
		{43B9EF28-F7F9-4FA4-B62F-0F3AF8D98B9F}.Debug|x86.Build.0 = Debug|Win32
		{43B9EF28-F7F9-4FA4-B62F-0F3AF8D98B9F}.Release|x64.ActiveCfg = Release|x64
		{43B9EF28-F7F9-4FA4-B62F-0F3AF8D98B9F}.Release|x64.Build.0 = Release|x64
		{43B9EF28-F7F9-4FA4-B62F-0F3AF8D98B9F}.Release|x86.ActiveCfg = Release|Win32
		{43B9EF28-F7F9-4FA4-B62F-0F3AF8D98B9F}.Release|x86.Build.0 = Release|Win32
		{99BCCF0E-0DB5-4A26-AE87-83C90D3E22D1}.Debug|x64.ActiveCfg = Debug|x64
		{99BCCF0E-0DB5-4A26-AE87-83C90D3E22D1}.Debug|x64.Build.0 = Debug|x64
		{99BCCF0E-0DB5-4A26-AE87-83C90D3E22D1}.Debug|x86.ActiveCfg = Debug|Win32
		{99BCCF0E-0DB5-4A26-AE87-83C90D3E22D1}.Debug|x86.Build.0 = Debug|Win32
		{99BCCF0E-0DB5-4A26-AE87-83C90D3E22D1}.Release|x64.ActiveCfg = Release|x64
		{99BCCF0E-0DB5-4A26-AE87-83C90D3E22D1}.Release|x64.Build.0 = Release|x64
		{99BCCF0E-0DB5-4A26-AE87-83C90D3E22D1}.Release|x86.ActiveCfg = Release|Win32
		{99BCCF0E-0DB5-4A26-AE87-83C90D3E22D1}.Release|x86.Build.0 = Release|Win32
		{2B5CFF4D-103D-4284-AB04-64D341170F31}.Debug|x64.ActiveCfg = Debug|x64
		{2B5CFF4D-103D-4284-AB04-64D341170F31}.Debug|x64.Build.0 = Debug|x64
		{2B5CFF4D-103D-4284-AB04-64D341170F31}.Debug|x86.ActiveCfg = Debug|Win32
		{2B5CFF4D-103D-4284-AB04-64D341170F31}.Debug|x86.Build.0 = Debug|Win32
		{2B5CFF4D-103D-4284-AB04-64D341170F31}.Release|x64.ActiveCfg = Release|x64
		{2B5CFF4D-103D-4284-AB04-64D341170F31}.Release|x64.Build.0 = Release|x64
		{2B5CFF4D-103D-4284-AB04-64D341170F31}.Release|x86.ActiveCfg = Release|Win32
		{2B5CFF4D-103D-4284-AB04-64D341170F31}.Release|x86.Build.0 = Release|Win32
		{96B2CF97-74DB-45BF-BAE3-BAF1CA52C710}.Debug|x64.ActiveCfg = Debug|x64
		{96B2CF97-74DB-45BF-BAE3-BAF1CA52C710}.Debug|x64.Build.0 = Debug|x64
		{96B2CF97-74DB-45BF-BAE3-BAF1CA52C710}.Debug|x86.ActiveCfg = Debug|Win32
		{96B2CF97-74DB-45BF-BAE3-BAF1CA52C710}.Debug|x86.Build.0 = Debug|Win32
		{96B2CF97-74DB-45BF-BAE3-BAF1CA52C710}.Release|x64.ActiveCfg = Release|x64
		{96B2CF97-74DB-45BF-BAE3-BAF1CA52C710}.Release|x64.Build.0 = Release|x64
		{96B2CF97-74DB-45BF-BAE3-BAF1CA52C710}.Release|x86.ActiveCfg = Release|Win32
		{96B2CF97-74DB-45BF-BAE3-BAF1CA52C710}.Release|x86.Build.0 = Release|Win32
		{D62C8B78-3878-4A10-9B7B-16FAE6E3D4BA}.Debug|x64.ActiveCfg = Debug|x64
		{D62C8B78-3878-4A10-9B7B-16FAE6E3D4BA}.Debug|x64.Build.0 = Debug|x64
		{D62C8B78-3878-4A10-9B7B-16FAE6E3D4BA}.Debug|x86.ActiveCfg = Debug|Win32
		{D62C8B78-3878-4A10-9B7B-16FAE6E3D4BA}.Debug|x86.Build.0 = Debug|Win32
		{D62C8B78-3878-4A10-9B7B-16FAE6E3D4BA}.Release|x64.ActiveCfg = Release|x64
		{D62C8B78-3878-4A10-9B7B-16FAE6E3D4BA}.Release|x64.Build.0 = Release|x64
		{D62C8B78-3878-4A10-9B7B-16FAE6E3D4BA}.Release|x86.ActiveCfg = Release|Win32
		{D62C8B78-3878-4A10-9B7B-16FAE6E3D4BA}.Release|x86.Build.0 = Release|Win32
		{52E11F7E-9BAC-4F46-950D-DA3314742655}.Debug|x64.ActiveCfg = Debug|x64
		{52E11F7E-9BAC-4F46-950D-DA3314742655}.Debug|x64.Build.0 = Debug|x64
		{52E11F7E-9BAC-4F46-950D-DA3314742655}.Debug|x86.ActiveCfg = Debug|Win32
		{52E11F7E-9BAC-4F46-950D-DA3314742655}.Debug|x86.Build.0 = Debug|Win32
		{52E11F7E-9BAC-4F46-950D-DA3314742655}.Release|x64.ActiveCfg = Release|x64
		{52E11F7E-9BAC-4F46-950D-DA3314742655}.Release|x64.Build.0 = Release|x64
		{52E11F7E-9BAC-4F46-950D-DA3314742655}.Release|x86.ActiveCfg = Release|Win32
		{52E11F7E-9BAC-4F46-950D-DA3314742655}.Release|x86.Build.0 = Release|Win32
		{D40BDB02-569C-4469-A095-7A7D016FAD0D}.Debug|x64.ActiveCfg = Debug|x64
		{D40BDB02-569C-4469-A095-7A7D016FAD0D}.Debug|x64.Build.0 = Debug|x64
		{D40BDB02-569C-4469-A095-7A7D016FAD0D}.Debug|x86.ActiveCfg = Debug|Win32
		{D40BDB02-569C-4469-A095-7A7D016FAD0D}.Debug|x86.Build.0 = Debug|Win32
		{D40BDB02-569C-4469-A095-7A7D016FAD0D}.Release|x64.ActiveCfg = Release|x64
		{D40BDB02-569C-4469-A095-7A7D016FAD0D}.Release|x64.Build.0 = Release|x64
		{D40BDB02-569C-4469-A095-7A7D016FAD0D}.Release|x86.ActiveCfg = Release|Win32
		{D40BDB02-569C-4469-A095-7A7D016FAD0D}.Release|x86.Build.0 = Release|Win32
		{8FADE87C-964B-4D6F-9635-981AF0A68CA1}.Debug|x64.ActiveCfg = Debug|x64
		{8FADE87C-964B-4D6F-9635-981AF0A68CA1}.Debug|x64.Build.0 = Debug|x64
		{8FADE87C-964B-4D6F-9635-981AF0A68CA1}.Debug|x86.ActiveCfg = Debug|Win32
		{8FADE87C-964B-4D6F-9635-981AF0A68CA1}.Debug|x86.Build.0 = Debug|Win32
		{8FADE87C-964B-4D6F-9635-981AF0A68CA1}.Release|x64.ActiveCfg = Release|x64
		{8FADE87C-964B-4D6F-9635-981AF0A68CA1}.Release|x64.Build.0 = Release|x64
		{8FADE87C-964B-4D6F-9635-981AF0A68CA1}.Release|x86.ActiveCfg = Release|Win32
		{8FADE87C-964B-4D6F-9635-981AF0A68CA1}.Release|x86.Build.0 = Release|Win32
		{7AED466E-AD15-443E-BE29-515B918FD99D}.Debug|x64.ActiveCfg = Debug|x64
		{7AED466E-AD15-443E-BE29-515B918FD99D}.Debug|x64.Build.0 = Debug|x64
		{7AED466E-AD15-443E-BE29-515B918FD99D}.Debug|x86.ActiveCfg = Debug|Win32
		{7AED466E-AD15-443E-BE29-515B918FD99D}.Debug|x86.Build.0 = Debug|Win32
		{7AED466E-AD15-443E-BE29-515B918FD99D}.Release|x64.ActiveCfg = Release|x64
		{7AED466E-AD15-443E-BE29-515B918FD99D}.Release|x64.Build.0 = Release|x64
		{7AED466E-AD15-443E-BE29-515B918FD99D}.Release|x86.ActiveCfg = Release|Win32
		{7AED466E-AD15-443E-BE29-515B918FD99D}.Release|x86.Build.0 = Release|Win32
		{1A8F2338-BFBF-424F-BE26-026E716301C0}.Debug|x64.ActiveCfg = Debug|x64
		{1A8F2338-BFBF-424F-BE26-026E716301C0}.Debug|x64.Build.0 = Debug|x64
		{1A8F2338-BFBF-424F-BE26-026E716301C0}.Debug|x86.ActiveCfg = Debug|Win32
		{1A8F2338-BFBF-424F-BE26-026E716301C0}.Debug|x86.Build.0 = Debug|Win32
		{1A8F2338-BFBF-424F-BE26-026E716301C0}.Release|x64.ActiveCfg = Release|x64
		{1A8F2338-BFBF-424F-BE26-026E716301C0}.Release|x64.Build.0 = Release|x64
		{1A8F2338-BFBF-424F-BE26-026E716301C0}.Release|x86.ActiveCfg = Release|Win32
		{1A8F2338-BFBF-424F-BE26-026E716301C0}.Release|x86.Build.0 = Release|Win32
		{946BA60E-0FE4-40C7-B494-E7D7D224F48A}.Debug|x64.ActiveCfg = Debug|x64
		{946BA60E-0FE4-40C7-B494-E7D7D224F48A}.Debug|x64.Build.0 = Debug|x64
		{946BA60E-0FE4-40C7-B494-E7D7D224F48A}.Debug|x86.ActiveCfg = Debug|Win32
		{946BA60E-0FE4-40C7-B494-E7D7D224F48A}.Debug|x86.Build.0 = Debug|Win32
		{946BA60E-0FE4-40C7-B494-E7D7D224F48A}.Release|x64.ActiveCfg = Release|x64
		{946BA60E-0FE4-40C7-B494-E7D7D224F48A}.Release|x64.Build.0 = Release|x64
		{946BA60E-0FE4-40C7-B494-E7D7D224F48A}.Release|x86.ActiveCfg = Release|Win32
		{946BA60E-0FE4-40C7-B494-E7D7D224F48A}.Release|x86.Build.0 = Release|Win32
		{0936F023-F750-4B87-A5AC-D7C4BCC2F9EC}.Debug|x64.ActiveCfg = Debug|x64
		{0936F023-F750-4B87-A5AC-D7C4BCC2F9EC}.Debug|x64.Build.0 = Debug|x64
		{0936F023-F750-4B87-A5AC-D7C4BCC2F9EC}.Debug|x86.ActiveCfg = Debug|Win32
		{0936F023-F750-4B87-A5AC-D7C4BCC2F9EC}.Debug|x86.Build.0 = Debug|Win32
		{0936F023-F750-4B87-A5AC-D7C4BCC2F9EC}.Release|x64.ActiveCfg = Release|x64
		{0936F023-F750-4B87-A5AC-D7C4BCC2F9EC}.Release|x64.Build.0 = Release|x64
		{0936F023-F750-4B87-A5AC-D7C4BCC2F9EC}.Release|x86.ActiveCfg = Release|Win32
		{0936F023-F750-4B87-A5AC-D7C4BCC2F9EC}.Release|x86.Build.0 = Release|Win32
		{49F8264D-D914-4D84-8D49-816F0DEEE738}.Debug|x64.ActiveCfg = Debug|x64
		{49F8264D-D914-4D84-8D49-816F0DEEE738}.Debug|x64.Build.0 = Debug|x64
		{49F8264D-D914-4D84-8D49-816F0DEEE738}.Debug|x86.ActiveCfg = Debug|Win32
		{49F8264D-D914-4D84-8D49-816F0DEEE738}.Debug|x86.Build.0 = Debug|Win32
		{49F8264D-D914-4D84-8D49-816F0DEEE738}.Release|x64.ActiveCfg = Release|x64
		{49F8264D-D914-4D84-8D49-816F0DEEE738}.Release|x64.Build.0 = Release|x64
		{49F8264D-D914-4D84-8D49-816F0DEEE738}.Release|x86.ActiveCfg = Release|Win32
		{49F8264D-D914-4D84-8D49-816F0DEEE738}.Release|x86.Build.0 = Release|Win32
		{B127AC80-E27F-4DD2-870E-5B9137F71DCB}.Debug|x64.ActiveCfg = Debug|x64
		{B127AC80-E27F-4DD2-870E-5B9137F71DCB}.Debug|x64.Build.0 = Debug|x64
		{B127AC80-E27F-4DD2-870E-5B9137F71DCB}.Debug|x86.ActiveCfg = Debug|Win32
		{B127AC80-E27F-4DD2-870E-5B9137F71DCB}.Debug|x86.Build.0 = Debug|Win32
		{B127AC80-E27F-4DD2-870E-5B9137F71DCB}.Release|x64.ActiveCfg = Release|x64
		{B127AC80-E27F-4DD2-870E-5B9137F71DCB}.Release|x64.Build.0 = Release|x64
		{B127AC80-E27F-4DD2-870E-5B9137F71DCB}.Release|x86.ActiveCfg = Release|Win32
		{B127AC80-E27F-4DD2-870E-5B9137F71DCB}.Release|x86.Build.0 = Release|Win32
		{4EEC9FD6-6D99-4CD8-B148-C71CFC99A75F}.Debug|x64.ActiveCfg = Debug|x64
		{4EEC9FD6-6D99-4CD8-B148-C71CFC99A75F}.Debug|x64.Build.0 = Debug|x64
		{4EEC9FD6-6D99-4CD8-B148-C71CFC99A75F}.Debug|x86.ActiveCfg = Debug|Win32
		{4EEC9FD6-6D99-4CD8-B148-C71CFC99A75F}.Debug|x86.Build.0 = Debug|Win32
		{4EEC9FD6-6D99-4CD8-B148-C71CFC99A75F}.Release|x64.ActiveCfg = Release|x64
		{4EEC9FD6-6D99-4CD8-B148-C71CFC99A75F}.Release|x64.Build.0 = Release|x64
		{4EEC9FD6-6D99-4CD8-B148-C71CFC99A75F}.Release|x86.ActiveCfg = Release|Win32
		{4EEC9FD6-6D99-4CD8-B148-C71CFC99A75F}.Release|x86.Build.0 = Release|Win32
		{64378A1B-F9CA-4244-A542-02063685EE92}.Debug|x64.ActiveCfg = Debug|x64
		{64378A1B-F9CA-4244-A542-02063685EE92}.Debug|x64.Build.0 = Debug|x64
		{64378A1B-F9CA-4244-A542-02063685EE92}.Debug|x86.ActiveCfg = Debug|Win32
		{64378A1B-F9CA-4244-A542-02063685EE92}.Debug|x86.Build.0 = Debug|Win32
		{64378A1B-F9CA-4244-A542-02063685EE92}.Release|x64.ActiveCfg = Release|x64
		{64378A1B-F9CA-4244-A542-02063685EE92}.Release|x64.Build.0 = Release|x64
		{64378A1B-F9CA-4244-A542-02063685EE92}.Release|x86.ActiveCfg = Release|Win32
		{64378A1B-F9CA-4244-A542-02063685EE92}.Release|x86.Build.0 = Release|Win32
		{9ABE26BF-ABB3-49AF-B029-483B78025549}.Debug|x64.ActiveCfg = Debug|x64
		{9ABE26BF-ABB3-49AF-B029-483B78025549}.Debug|x64.Build.0 = Debug|x64
		{9ABE26BF-ABB3-49AF-B029-483B78025549}.Debug|x86.ActiveCfg = Debug|Win32
		{9ABE26BF-ABB3-49AF-B029-483B78025549}.Debug|x86.Build.0 = Debug|Win32
		{9ABE26BF-ABB3-49AF-B029-483B78025549}.Release|x64.ActiveCfg = Release|x64
		{9ABE26BF-ABB3-49AF-B029-483B78025549}.Release|x64.Build.0 = Release|x64
		{9ABE26BF-ABB3-49AF-B029-483B78025549}.Release|x86.ActiveCfg = Release|Win32
		{9ABE26BF-ABB3-49AF-B029-483B78025549}.Release|x86.Build.0 = Release|Win32
		{381976C0-9F37-4C39-B346-B07B2E9B558C}.Debug|x64.ActiveCfg = Debug|x64
		{381976C0-9F37-4C39-B346-B07B2E9B558C}.Debug|x64.Build.0 = Debug|x64
		{381976C0-9F37-4C39-B346-B07B2E9B558C}.Debug|x86.ActiveCfg = Debug|Win32
		{381976C0-9F37-4C39-B346-B07B2E9B558C}.Debug|x86.Build.0 = Debug|Win32
		{381976C0-9F37-4C39-B346-B07B2E9B558C}.Release|x64.ActiveCfg = Release|x64
		{381976C0-9F37-4C39-B346-B07B2E9B558C}.Release|x64.Build.0 = Release|x64
		{381976C0-9F37-4C39-B346-B07B2E9B558C}.Release|x86.ActiveCfg = Release|Win32
		{381976C0-9F37-4C39-B346-B07B2E9B558C}.Release|x86.Build.0 = Release|Win32
		{A1819491-3665-448E-8422-89A404F7BCBF}.Debug|x64.ActiveCfg = Debug|x64
		{A1819491-3665-448E-8422-89A404F7BCBF}.Debug|x64.Build.0 = Debug|x64
		{A1819491-3665-448E-8422-89A404F7BCBF}.Debug|x86.ActiveCfg = Debug|Win32
		{A1819491-3665-448E-8422-89A404F7BCBF}.Debug|x86.Build.0 = Debug|Win32
		{A1819491-3665-448E-8422-89A404F7BCBF}.Release|x64.ActiveCfg = Release|x64
		{A1819491-3665-448E-8422-89A404F7BCBF}.Release|x64.Build.0 = Release|x64
		{A1819491-3665-448E-8422-89A404F7BCBF}.Release|x86.ActiveCfg = Release|Win32
		{A1819491-3665-448E-8422-89A404F7BCBF}.Release|x86.Build.0 = Release|Win32
		{2B1CD876-66E9-4FAF-991F-907AA0F84C3B}.Debug|x64.ActiveCfg = Debug|x64
		{2B1CD876-66E9-4FAF-991F-907AA0F84C3B}.Debug|x64.Build.0 = Debug|x64
		{2B1CD876-66E9-4FAF-991F-907AA0F84C3B}.Debug|x86.ActiveCfg = Debug|Win32
		{2B1CD876-66E9-4FAF-991F-907AA0F84C3B}.Debug|x86.Build.0 = Debug|Win32
		{2B1CD876-66E9-4FAF-991F-907AA0F84C3B}.Release|x64.ActiveCfg = Release|x64
		{2B1CD876-66E9-4FAF-991F-907AA0F84C3B}.Release|x64.Build.0 = Release|x64
		{2B1CD876-66E9-4FAF-991F-907AA0F84C3B}.Release|x86.ActiveCfg = Release|Win32
		{2B1CD876-66E9-4FAF-991F-907AA0F84C3B}.Release|x86.Build.0 = Release|Win32
		{4278A2F8-2071-494F-ABDC-72D3BF83BBFA}.Debug|x64.ActiveCfg = Debug|x64
		{4278A2F8-2071-494F-ABDC-72D3BF83BBFA}.Debug|x64.Build.0 = Debug|x64
		{4278A2F8-2071-494F-ABDC-72D3BF83BBFA}.Debug|x86.ActiveCfg = Debug|Win32
		{4278A2F8-2071-494F-ABDC-72D3BF83BBFA}.Debug|x86.Build.0 = Debug|Win32
		{4278A2F8-2071-494F-ABDC-72D3BF83BBFA}.Release|x64.ActiveCfg = Release|x64
		{4278A2F8-2071-494F-ABDC-72D3BF83BBFA}.Release|x64.Build.0 = Release|x64
		{4278A2F8-2071-494F-ABDC-72D3BF83BBFA}.Release|x86.ActiveCfg = Release|Win32
		{4278A2F8-2071-494F-ABDC-72D3BF83BBFA}.Release|x86.Build.0 = Release|Win32
		{7CE211B3-EE36-4B0B-8781-662FD0CD96CF}.Debug|x64.ActiveCfg = Debug|x64
		{7CE211B3-EE36-4B0B-8781-662FD0CD96CF}.Debug|x64.Build.0 = Debug|x64
		{7CE211B3-EE36-4B0B-8781-662FD0CD96CF}.Debug|x86.ActiveCfg = Debug|Win32
		{7CE211B3-EE36-4B0B-8781-662FD0CD96CF}.Debug|x86.Build.0 = Debug|Win32
		{7CE211B3-EE36-4B0B-8781-662FD0CD96CF}.Release|x64.ActiveCfg = Release|x64
		{7CE211B3-EE36-4B0B-8781-662FD0CD96CF}.Release|x64.Build.0 = Release|x64
		{7CE211B3-EE36-4B0B-8781-662FD0CD96CF}.Release|x86.ActiveCfg = Release|Win32
		{7CE211B3-EE36-4B0B-8781-662FD0CD96CF}.Release|x86.Build.0 = Release|Win32
		{199CB975-643B-4CAC-963A-19ACF614D6D8}.Debug|x64.ActiveCfg = Debug|x64
		{199CB975-643B-4CAC-963A-19ACF614D6D8}.Debug|x64.Build.0 = Debug|x64
		{199CB975-643B-4CAC-963A-19ACF614D6D8}.Debug|x86.ActiveCfg = Debug|Win32
		{199CB975-643B-4CAC-963A-19ACF614D6D8}.Debug|x86.Build.0 = Debug|Win32
		{199CB975-643B-4CAC-963A-19ACF614D6D8}.Release|x64.ActiveCfg = Release|x64
		{199CB975-643B-4CAC-963A-19ACF614D6D8}.Release|x64.Build.0 = Release|x64
		{199CB975-643B-4CAC-963A-19ACF614D6D8}.Release|x86.ActiveCfg = Release|Win32
		{199CB975-643B-4CAC-963A-19ACF614D6D8}.Release|x86.Build.0 = Release|Win32
		{D2A3BC73-13C9-4810-881B-E0C4368E82D3}.Debug|x64.ActiveCfg = Debug|x64
		{D2A3BC73-13C9-4810-881B-E0C4368E82D3}.Debug|x64.Build.0 = Debug|x64
		{D2A3BC73-13C9-4810-881B-E0C4368E82D3}.Debug|x86.ActiveCfg = Debug|Win32
		{D2A3BC73-13C9-4810-881B-E0C4368E82D3}.Debug|x86.Build.0 = Debug|Win32
		{D2A3BC73-13C9-4810-881B-E0C4368E82D3}.Release|x64.ActiveCfg = Release|x64
		{D2A3BC73-13C9-4810-881B-E0C4368E82D3}.Release|x64.Build.0 = Release|x64
		{D2A3BC73-13C9-4810-881B-E0C4368E82D3}.Release|x86.ActiveCfg = Release|Win32
		{D2A3BC73-13C9-4810-881B-E0C4368E82D3}.Release|x86.Build.0 = Release|Win32
		{6B571915-9352-43F6-BA7D-C865847140C3}.Debug|x64.ActiveCfg = Debug|x64
		{6B571915-9352-43F6-BA7D-C865847140C3}.Debug|x64.Build.0 = Debug|x64
		{6B571915-9352-43F6-BA7D-C865847140C3}.Debug|x86.ActiveCfg = Debug|Win32
		{6B571915-9352-43F6-BA7D-C865847140C3}.Debug|x86.Build.0 = Debug|Win32
		{6B571915-9352-43F6-BA7D-C865847140C3}.Release|x64.ActiveCfg = Release|x64
		{6B571915-9352-43F6-BA7D-C865847140C3}.Release|x64.Build.0 = Release|x64
		{6B571915-9352-43F6-BA7D-C865847140C3}.Release|x86.ActiveCfg = Release|Win32
		{6B571915-9352-43F6-BA7D-C865847140C3}.Release|x86.Build.0 = Release|Win32
		{948EDB45-665A-44CE-9D25-F255DA118A53}.Debug|x64.ActiveCfg = Debug|x64
		{948EDB45-665A-44CE-9D25-F255DA118A53}.Debug|x64.Build.0 = Debug|x64
		{948EDB45-665A-44CE-9D25-F255DA118A53}.Debug|x86.ActiveCfg = Debug|Win32
		{948EDB45-665A-44CE-9D25-F255DA118A53}.Debug|x86.Build.0 = Debug|Win32
		{948EDB45-665A-44CE-9D25-F255DA118A53}.Release|x64.ActiveCfg = Release|x64
		{948EDB45-665A-44CE-9D25-F255DA118A53}.Release|x64.Build.0 = Release|x64
		{948EDB45-665A-44CE-9D25-F255DA118A53}.Release|x86.ActiveCfg = Release|Win32
		{948EDB45-665A-44CE-9D25-F255DA118A53}.Release|x86.Build.0 = Release|Win32
		{341D543D-CA8C-4F95-83A6-34C4854249E5}.Debug|x64.ActiveCfg = Debug|x64
		{341D543D-CA8C-4F95-83A6-34C4854249E5}.Debug|x64.Build.0 = Debug|x64
		{341D543D-CA8C-4F95-83A6-34C4854249E5}.Debug|x86.ActiveCfg = Debug|Win32
		{341D543D-CA8C-4F95-83A6-34C4854249E5}.Debug|x86.Build.0 = Debug|Win32
		{341D543D-CA8C-4F95-83A6-34C4854249E5}.Release|x64.ActiveCfg = Release|x64
		{341D543D-CA8C-4F95-83A6-34C4854249E5}.Release|x64.Build.0 = Release|x64
		{341D543D-CA8C-4F95-83A6-34C4854249E5}.Release|x86.ActiveCfg = Release|Win32
		{341D543D-CA8C-4F95-83A6-34C4854249E5}.Release|x86.Build.0 = Release|Win32
		{4BB0FFB4-B2D6-44CC-91C3-650E4EF3FEC6}.Debug|x64.ActiveCfg = Debug|x64
		{4BB0FFB4-B2D6-44CC-91C3-650E4EF3FEC6}.Debug|x64.Build.0 = Debug|x64
		{4BB0FFB4-B2D6-44CC-91C3-650E4EF3FEC6}.Debug|x86.ActiveCfg = Debug|Win32
		{4BB0FFB4-B2D6-44CC-91C3-650E4EF3FEC6}.Debug|x86.Build.0 = Debug|Win32
		{4BB0FFB4-B2D6-44CC-91C3-650E4EF3FEC6}.Release|x64.ActiveCfg = Release|x64
		{4BB0FFB4-B2D6-44CC-91C3-650E4EF3FEC6}.Release|x64.Build.0 = Release|x64
		{4BB0FFB4-B2D6-44CC-91C3-650E4EF3FEC6}.Release|x86.ActiveCfg = Release|Win32
		{4BB0FFB4-B2D6-44CC-91C3-650E4EF3FEC6}.Release|x86.Build.0 = Release|Win32
		{DE7F7FD0-362E-4F48-8879-B5B242A785EF}.Debug|x64.ActiveCfg = Debug|x64
		{DE7F7FD0-362E-4F48-8879-B5B242A785EF}.Debug|x64.Build.0 = Debug|x64
		{DE7F7FD0-362E-4F48-8879-B5B242A785EF}.Debug|x86.ActiveCfg = Debug|Win32
		{DE7F7FD0-362E-4F48-8879-B5B242A785EF}.Debug|x86.Build.0 = Debug|Win32
		{DE7F7FD0-362E-4F48-8879-B5B242A785EF}.Release|x64.ActiveCfg = Release|x64
		{DE7F7FD0-362E-4F48-8879-B5B242A785EF}.Release|x64.Build.0 = Release|x64
		{DE7F7FD0-362E-4F48-8879-B5B242A785EF}.Release|x86.ActiveCfg = Release|Win32
		{DE7F7FD0-362E-4F48-8879-B5B242A785EF}.Release|x86.Build.0 = Release|Win32
		{E5971B22-E227-44FF-A9F7-BCB8599C3346}.Debug|x64.ActiveCfg = Debug|x64
		{E5971B22-E227-44FF-A9F7-BCB8599C3346}.Debug|x64.Build.0 = Debug|x64
		{E5971B22-E227-44FF-A9F7-BCB8599C3346}.Debug|x86.ActiveCfg = Debug|Win32
		{E5971B22-E227-44FF-A9F7-BCB8599C3346}.Debug|x86.Build.0 = Debug|Win32
		{E5971B22-E227-44FF-A9F7-BCB8599C3346}.Release|x64.ActiveCfg = Release|x64
		{E5971B22-E227-44FF-A9F7-BCB8599C3346}.Release|x64.Build.0 = Release|x64
		{E5971B22-E227-44FF-A9F7-BCB8599C3346}.Release|x86.ActiveCfg = Release|Win32
		{E5971B22-E227-44FF-A9F7-BCB8599C3346}.Release|x86.Build.0 = Release|Win32
		{448F944E-B669-4480-A053-335DBAE815C0}.Debug|x64.ActiveCfg = Debug|x64
		{448F944E-B669-4480-A053-335DBAE815C0}.Debug|x64.Build.0 = Debug|x64
		{448F944E-B669-4480-A053-335DBAE815C0}.Debug|x86.ActiveCfg = Debug|Win32
		{448F944E-B669-4480-A053-335DBAE815C0}.Debug|x86.Build.0 = Debug|Win32
		{448F944E-B669-4480-A053-335DBAE815C0}.Release|x64.ActiveCfg = Release|x64
		{448F944E-B669-4480-A053-335DBAE815C0}.Release|x64.Build.0 = Release|x64
		{448F944E-B669-4480-A053-335DBAE815C0}.Release|x86.ActiveCfg = Release|Win32
		{448F944E-B669-4480-A053-335DBAE815C0}.Release|x86.Build.0 = Release|Win32
		{C9AAA7D8-45C4-4B5E-990A-20305AF67D02}.Debug|x64.ActiveCfg = Debug|x64
		{C9AAA7D8-45C4-4B5E-990A-20305AF67D02}.Debug|x64.Build.0 = Debug|x64
		{C9AAA7D8-45C4-4B5E-990A-20305AF67D02}.Debug|x86.ActiveCfg = Debug|Win32
		{C9AAA7D8-45C4-4B5E-990A-20305AF67D02}.Debug|x86.Build.0 = Debug|Win32
		{C9AAA7D8-45C4-4B5E-990A-20305AF67D02}.Release|x64.ActiveCfg = Release|x64
		{C9AAA7D8-45C4-4B5E-990A-20305AF67D02}.Release|x64.Build.0 = Release|x64
		{C9AAA7D8-45C4-4B5E-990A-20305AF67D02}.Release|x86.ActiveCfg = Release|Win32
		{C9AAA7D8-45C4-4B5E-990A-20305AF67D02}.Release|x86.Build.0 = Release|Win32
		{A216D46C-8B71-4C01-A475-13FB6E56606D}.Debug|x64.ActiveCfg = Debug|x64
		{A216D46C-8B71-4C01-A475-13FB6E56606D}.Debug|x64.Build.0 = Debug|x64
		{A216D46C-8B71-4C01-A475-13FB6E56606D}.Debug|x86.ActiveCfg = Debug|Win32
		{A216D46C-8B71-4C01-A475-13FB6E56606D}.Debug|x86.Build.0 = Debug|Win32
		{A216D46C-8B71-4C01-A475-13FB6E56606D}.Release|x64.ActiveCfg = Release|x64
		{A216D46C-8B71-4C01-A475-13FB6E56606D}.Release|x64.Build.0 = Release|x64
		{A216D46C-8B71-4C01-A475-13FB6E56606D}.Release|x86.ActiveCfg = Release|Win32
		{A216D46C-8B71-4C01-A475-13FB6E56606D}.Release|x86.Build.0 = Release|Win32
	EndGlobalSection
	GlobalSection(SolutionProperties) = preSolution
		HideSolutionNode = FALSE
	EndGlobalSection
	GlobalSection(NestedProjects) = preSolution
		{B90BF8D2-138B-41BD-88DF-4F72C152A3E3} = {7A13B422-B8B3-425D-ABE2-CA26F7635CF1}
		{25C63A44-B53E-4A18-A531-1FF0CA6466C4} = {FA5A8F10-F9E7-4B85-AD93-98EC3D79CB88}
		{A7099A6A-268A-4D78-B6DC-3B7317CF4865} = {25C63A44-B53E-4A18-A531-1FF0CA6466C4}
		{250B52C8-25A1-40E4-8EEA-347B488CEBCA} = {25C63A44-B53E-4A18-A531-1FF0CA6466C4}
		{7148EE27-B0E2-40B4-BF43-6AAFE9667CAA} = {25C63A44-B53E-4A18-A531-1FF0CA6466C4}
		{6428A69D-3CB7-4C98-A612-818CC4D68418} = {5F600B31-798E-4ADE-BA38-0809D49C950F}
		{62147576-9C3F-4845-8999-CD1F18FFAEA6} = {F0448B64-8D48-4944-98DD-B5FBE988FBDC}
		{0936F023-F750-4B87-A5AC-D7C4BCC2F9EC} = {E25FCB20-E1F6-4FD0-91EC-298CAFE54F7F}
		{B127AC80-E27F-4DD2-870E-5B9137F71DCB} = {56F8BD7F-E7E3-42D0-B90D-23E6ABC2A6E7}
		{4EEC9FD6-6D99-4CD8-B148-C71CFC99A75F} = {F0448B64-8D48-4944-98DD-B5FBE988FBDC}
		{64378A1B-F9CA-4244-A542-02063685EE92} = {721A9C93-FB7A-42DB-A479-B22D66043135}
		{9ABE26BF-ABB3-49AF-B029-483B78025549} = {5614CEAD-4F78-4472-B01B-2565A2E99C69}
	EndGlobalSection
	GlobalSection(ExtensibilityGlobals) = postSolution
		SolutionGuid = {3DE9CCFE-2CD7-45A9-98F8-16BCC4E5C10D}
	EndGlobalSection
EndGlobal
